// !$*UTF8*$!
{
	archiveVersion = 1;
	classes = {
	};
	objectVersion = 46;
	objects = {

/* Begin PBXBuildFile section */
		04C13EEA813A786CC1D8137A /* FxaaPass.cpp in Sources */ = {isa = PBXBuildFile; fileRef = 9425843AEC3118B8FDEF1B0B /* FxaaPass.cpp */; };
		0E3F2DA88FB42A383D080547 /* propertyEvent.cpp in Sources */ = {isa = PBXBuildFile; fileRef = B338E8A4A97271700E84EF92 /* propertyEvent.cpp */; };
		114C00B13F753E59BB0984BB /* DofPass.cpp in Sources */ = {isa = PBXBuildFile; fileRef = E837DEBFAEA1CAD833A377DF /* DofPass.cpp */; };
		1E615236D6D182DED6C8A8B2 /* RenderPass.cpp in Sources */ = {isa = PBXBuildFile; fileRef = 54F36382628E4D0FF07206D7 /* RenderPass.cpp */; };
		28AFD6FA9B9C885AFD9FF1C7 /* HorizontalTiltShifPass.cpp in Sources */ = {isa = PBXBuildFile; fileRef = FAF7EF26FE0FF19EA6D9419D /* HorizontalTiltShifPass.cpp */; };
		33DB731E964056D7E35604A7 /* FakeSSSPass.cpp in Sources */ = {isa = PBXBuildFile; fileRef = C64B88209AF231B4FC8B4056 /* FakeSSSPass.cpp */; };
		3A499904889C490DCF533C6E /* BloomPass.cpp in Sources */ = {isa = PBXBuildFile; fileRef = D41ED8C8083845703AA1FDFA /* BloomPass.cpp */; };
		3BD65764474610DA6A9794B1 /* section.cpp in Sources */ = {isa = PBXBuildFile; fileRef = 869664A9165B9FD682672D8A /* section.cpp */; };
		3C297F3F19E0CBB9000633ED /* mediaSection.cpp in Sources */ = {isa = PBXBuildFile; fileRef = 3C297F3B19E0CBB9000633ED /* mediaSection.cpp */; };
		3C297F4019E0CBB9000633ED /* placeholderSection.cpp in Sources */ = {isa = PBXBuildFile; fileRef = 3C297F3D19E0CBB9000633ED /* placeholderSection.cpp */; };
		3C6F3DCB19CFBEDF002AA367 /* jsoncpp.cpp in Sources */ = {isa = PBXBuildFile; fileRef = 3C6F3DB919CFBEDF002AA367 /* jsoncpp.cpp */; };
		3C6F3DCC19CFBEDF002AA367 /* ofxJSONElement.cpp in Sources */ = {isa = PBXBuildFile; fileRef = 3C6F3DBD19CFBEDF002AA367 /* ofxJSONElement.cpp */; };
		3C6F3DE319CFD390002AA367 /* sectionFactory.cpp in Sources */ = {isa = PBXBuildFile; fileRef = 3C6F3DE119CFD38E002AA367 /* sectionFactory.cpp */; };
		3C6F3DE619CFDD36002AA367 /* sectionImpl.cpp in Sources */ = {isa = PBXBuildFile; fileRef = 3C6F3DE419CFDD33002AA367 /* sectionImpl.cpp */; };
		3C6F3DE919CFDD83002AA367 /* sectionCreator.cpp in Sources */ = {isa = PBXBuildFile; fileRef = 3C6F3DE719CFDD80002AA367 /* sectionCreator.cpp */; };
		3C6F3DEC19D0B2CC002AA367 /* customSection.cpp in Sources */ = {isa = PBXBuildFile; fileRef = 3C6F3DEA19D0B2CB002AA367 /* customSection.cpp */; };
		3C6F3DEF19D0B9BB002AA367 /* mediaSection.cpp in Sources */ = {isa = PBXBuildFile; fileRef = 3C6F3DED19D0B9BB002AA367 /* mediaSection.cpp */; };
		4355FD81C3F9DDE40B10CE94 /* SSAOPass.cpp in Sources */ = {isa = PBXBuildFile; fileRef = C127DCF305861E6D5D6332E6 /* SSAOPass.cpp */; };
		4A2B684DF41F7779B2947319 /* RimHighlightingPass.cpp in Sources */ = {isa = PBXBuildFile; fileRef = 74BDDD14F49833AD24862E87 /* RimHighlightingPass.cpp */; };
		52C77060FBB9307AEFDAE8C6 /* ofxAnimatable.cpp in Sources */ = {isa = PBXBuildFile; fileRef = F7CFEE77982205D3F1496C03 /* ofxAnimatable.cpp */; };
		5D067CF087427621DD1E64B8 /* ofxAnimatableFloat.cpp in Sources */ = {isa = PBXBuildFile; fileRef = 1C9E4AC6CF4626BA74F7E994 /* ofxAnimatableFloat.cpp */; };
		679B2C165341D2BFA18D0F1E /* column.cpp in Sources */ = {isa = PBXBuildFile; fileRef = 439613F70EC4BEA7AB79F5FD /* column.cpp */; };
		6A505EAE8088949A9180FFE7 /* GodRaysPass.cpp in Sources */ = {isa = PBXBuildFile; fileRef = C07AAE715D8853EDA76BC909 /* GodRaysPass.cpp */; };
		74D31933EE82E12834DB3B06 /* ofxAnimatableOfColor.cpp in Sources */ = {isa = PBXBuildFile; fileRef = 777D89F9EECAC3FE2405D5D1 /* ofxAnimatableOfColor.cpp */; };
		778DCA6792476E5B9F57F175 /* ConvolutionPass.cpp in Sources */ = {isa = PBXBuildFile; fileRef = 3AACD9661AF21261E24A05A4 /* ConvolutionPass.cpp */; };
		79308B05C4D0A9B9E404FFED /* BleachBypassPass.cpp in Sources */ = {isa = PBXBuildFile; fileRef = C5313A8CC477A5ECC0A7E4E8 /* BleachBypassPass.cpp */; };
		7AB51F1099DC01486D18FAF6 /* LimbDarkeningPass.cpp in Sources */ = {isa = PBXBuildFile; fileRef = 9222AE2464AE1CF72876A4ED /* LimbDarkeningPass.cpp */; };
		8072A86E35F7000F7CDEEF42 /* NoiseWarpPass.cpp in Sources */ = {isa = PBXBuildFile; fileRef = 5BC56A60E911F7488A58830A /* NoiseWarpPass.cpp */; };
		813E52BD790CE4AAF527DCD4 /* ToonPass.cpp in Sources */ = {isa = PBXBuildFile; fileRef = E547AB568F5E5027A880C47C /* ToonPass.cpp */; };
		884CB4D049E35C51E949A565 /* KaleidoscopePass.cpp in Sources */ = {isa = PBXBuildFile; fileRef = 108C4DB0C398388D00027091 /* KaleidoscopePass.cpp */; };
		898CB0955CB42FEB5D750A5C /* VerticalTiltShifPass.cpp in Sources */ = {isa = PBXBuildFile; fileRef = 2C2B73DCDAF417A486A343EF /* VerticalTiltShifPass.cpp */; };
		8E3A23809791428E1B591BD4 /* row.cpp in Sources */ = {isa = PBXBuildFile; fileRef = E777B94FE43B4D5CD747A3FB /* row.cpp */; };
		A60404D99F3A2182E2FAD2AD /* effects.cpp in Sources */ = {isa = PBXBuildFile; fileRef = D62ADF08260E3D3804D83056 /* effects.cpp */; };
		AC9CA2DA1CE0347DEAE6C3A3 /* layout.cpp in Sources */ = {isa = PBXBuildFile; fileRef = 3247EB0F487201ECD41358C9 /* layout.cpp */; };
		AE65C02FEC934514466A8D67 /* EdgePass.cpp in Sources */ = {isa = PBXBuildFile; fileRef = 0AC8B4DE8CD341280FDE798A /* EdgePass.cpp */; };
		B1747F12881D899DCA2647FC /* LUTPass.cpp in Sources */ = {isa = PBXBuildFile; fileRef = F171898BD12F77CCAD29B7C1 /* LUTPass.cpp */; };
		B58A80B21A55E254F48E6E13 /* DofAltPass.cpp in Sources */ = {isa = PBXBuildFile; fileRef = 91F91C3BEAD0B3C2B92BB9A5 /* DofAltPass.cpp */; };
		B951AAE35209993B4E399E77 /* PixelatePass.cpp in Sources */ = {isa = PBXBuildFile; fileRef = 7462D018F6D6E407E598A021 /* PixelatePass.cpp */; };
		BBAB23CB13894F3D00AA2426 /* GLUT.framework in CopyFiles */ = {isa = PBXBuildFile; fileRef = BBAB23BE13894E4700AA2426 /* GLUT.framework */; };
		BC054B7D3B48B395B1D87F2E /* ofxAnimatableOfPoint.cpp in Sources */ = {isa = PBXBuildFile; fileRef = 904CD301F7BB14F91235B2E8 /* ofxAnimatableOfPoint.cpp */; };
		BE5ED1FDB18D5092CF3AACA0 /* PostProcessing.cpp in Sources */ = {isa = PBXBuildFile; fileRef = 484F662699DFE8176E1B750F /* PostProcessing.cpp */; };
		C120AB1D289EB2FC770B5ACC /* percentProperty.cpp in Sources */ = {isa = PBXBuildFile; fileRef = 7478BFFC17B79892C6832072 /* percentProperty.cpp */; };
		C2DB9F6B29F3040F9AA4CD4D /* stringProperty.cpp in Sources */ = {isa = PBXBuildFile; fileRef = 3557E165C80CCB8EAF7AA57B /* stringProperty.cpp */; };
		CF4A44F97F1C97305F34D79C /* boolProperty.cpp in Sources */ = {isa = PBXBuildFile; fileRef = A784AECFC67261D7F8065CD1 /* boolProperty.cpp */; };
		D752EB8BA905C25F5E7F2B30 /* ZoomBlurPass.cpp in Sources */ = {isa = PBXBuildFile; fileRef = EF8D27B3DEDC121DE85F5B7B /* ZoomBlurPass.cpp */; };
		DB5F7FB412E3B8048B7B6CB7 /* propertyValue.cpp in Sources */ = {isa = PBXBuildFile; fileRef = 0B8688E44E42F552F4224A3D /* propertyValue.cpp */; };
		DFB75F1EBE744A456AC999F4 /* ContrastPass.cpp in Sources */ = {isa = PBXBuildFile; fileRef = 6788311DC7D945282047837A /* ContrastPass.cpp */; };
		E4328149138ABC9F0047C5CB /* openFrameworksDebug.a in Frameworks */ = {isa = PBXBuildFile; fileRef = E4328148138ABC890047C5CB /* openFrameworksDebug.a */; };
		E45BE97B0E8CC7DD009D7055 /* AGL.framework in Frameworks */ = {isa = PBXBuildFile; fileRef = E45BE9710E8CC7DD009D7055 /* AGL.framework */; };
		E45BE97C0E8CC7DD009D7055 /* ApplicationServices.framework in Frameworks */ = {isa = PBXBuildFile; fileRef = E45BE9720E8CC7DD009D7055 /* ApplicationServices.framework */; };
		E45BE97D0E8CC7DD009D7055 /* AudioToolbox.framework in Frameworks */ = {isa = PBXBuildFile; fileRef = E45BE9730E8CC7DD009D7055 /* AudioToolbox.framework */; };
		E45BE97F0E8CC7DD009D7055 /* CoreAudio.framework in Frameworks */ = {isa = PBXBuildFile; fileRef = E45BE9750E8CC7DD009D7055 /* CoreAudio.framework */; };
		E45BE9800E8CC7DD009D7055 /* CoreFoundation.framework in Frameworks */ = {isa = PBXBuildFile; fileRef = E45BE9760E8CC7DD009D7055 /* CoreFoundation.framework */; };
		E45BE9810E8CC7DD009D7055 /* CoreServices.framework in Frameworks */ = {isa = PBXBuildFile; fileRef = E45BE9770E8CC7DD009D7055 /* CoreServices.framework */; };
		E45BE9830E8CC7DD009D7055 /* OpenGL.framework in Frameworks */ = {isa = PBXBuildFile; fileRef = E45BE9790E8CC7DD009D7055 /* OpenGL.framework */; };
		E45BE9840E8CC7DD009D7055 /* QuickTime.framework in Frameworks */ = {isa = PBXBuildFile; fileRef = E45BE97A0E8CC7DD009D7055 /* QuickTime.framework */; };
		E4797F1786BE22985F7EE55F /* RGBShiftPass.cpp in Sources */ = {isa = PBXBuildFile; fileRef = 5201F6A7A19258B7F1CA2E43 /* RGBShiftPass.cpp */; };
		E4B69E200A3A1BDC003C02F2 /* main.cpp in Sources */ = {isa = PBXBuildFile; fileRef = E4B69E1D0A3A1BDC003C02F2 /* main.cpp */; };
		E4B69E210A3A1BDC003C02F2 /* ofApp.cpp in Sources */ = {isa = PBXBuildFile; fileRef = E4B69E1E0A3A1BDC003C02F2 /* ofApp.cpp */; };
		E4C2424710CC5A17004149E2 /* AppKit.framework in Frameworks */ = {isa = PBXBuildFile; fileRef = E4C2424410CC5A17004149E2 /* AppKit.framework */; };
		E4C2424810CC5A17004149E2 /* Cocoa.framework in Frameworks */ = {isa = PBXBuildFile; fileRef = E4C2424510CC5A17004149E2 /* Cocoa.framework */; };
		E4C2424910CC5A17004149E2 /* IOKit.framework in Frameworks */ = {isa = PBXBuildFile; fileRef = E4C2424610CC5A17004149E2 /* IOKit.framework */; };
		E4EB6799138ADC1D00A09F29 /* GLUT.framework in Frameworks */ = {isa = PBXBuildFile; fileRef = BBAB23BE13894E4700AA2426 /* GLUT.framework */; };
		E7E077E515D3B63C0020DFD4 /* CoreVideo.framework in Frameworks */ = {isa = PBXBuildFile; fileRef = E7E077E415D3B63C0020DFD4 /* CoreVideo.framework */; };
		E7E077E815D3B6510020DFD4 /* QTKit.framework in Frameworks */ = {isa = PBXBuildFile; fileRef = E7E077E715D3B6510020DFD4 /* QTKit.framework */; };
		E7F985F815E0DEA3003869B5 /* Accelerate.framework in Frameworks */ = {isa = PBXBuildFile; fileRef = E7F985F515E0DE99003869B5 /* Accelerate.framework */; };
		F57C303C7D9FDDAC73C9879A /* overlay.cpp in Sources */ = {isa = PBXBuildFile; fileRef = 6BC1A9FCE552D4C52C8EED10 /* overlay.cpp */; };
		FF237FFA5FB87B1AA2963E51 /* intProperty.cpp in Sources */ = {isa = PBXBuildFile; fileRef = 0F51C0614201E0DE3E77D53A /* intProperty.cpp */; };
/* End PBXBuildFile section */

/* Begin PBXContainerItemProxy section */
		E4328147138ABC890047C5CB /* PBXContainerItemProxy */ = {
			isa = PBXContainerItemProxy;
			containerPortal = E4328143138ABC890047C5CB /* openFrameworksLib.xcodeproj */;
			proxyType = 2;
			remoteGlobalIDString = E4B27C1510CBEB8E00536013;
			remoteInfo = openFrameworks;
		};
		E4EEB9AB138B136A00A80321 /* PBXContainerItemProxy */ = {
			isa = PBXContainerItemProxy;
			containerPortal = E4328143138ABC890047C5CB /* openFrameworksLib.xcodeproj */;
			proxyType = 1;
			remoteGlobalIDString = E4B27C1410CBEB8E00536013;
			remoteInfo = openFrameworks;
		};
/* End PBXContainerItemProxy section */

/* Begin PBXCopyFilesBuildPhase section */
		E4C2427710CC5ABF004149E2 /* CopyFiles */ = {
			isa = PBXCopyFilesBuildPhase;
			buildActionMask = 2147483647;
			dstPath = "";
			dstSubfolderSpec = 10;
			files = (
				BBAB23CB13894F3D00AA2426 /* GLUT.framework in CopyFiles */,
			);
			runOnlyForDeploymentPostprocessing = 0;
		};
/* End PBXCopyFilesBuildPhase section */

/* Begin PBXFileReference section */
		0217829E621698E1FD8D9876 /* EdgePass.h */ = {isa = PBXFileReference; explicitFileType = sourcecode.c.h; fileEncoding = 30; name = EdgePass.h; path = ../../../addons/ofxPostProcessing/src/EdgePass.h; sourceTree = SOURCE_ROOT; };
		044D4B2A1A607F88FEF2B610 /* ConvolutionPass.h */ = {isa = PBXFileReference; explicitFileType = sourcecode.c.h; fileEncoding = 30; name = ConvolutionPass.h; path = ../../../addons/ofxPostProcessing/src/ConvolutionPass.h; sourceTree = SOURCE_ROOT; };
		0453A7C309E8AE8F8C1CC6E8 /* DofPass.h */ = {isa = PBXFileReference; explicitFileType = sourcecode.c.h; fileEncoding = 30; name = DofPass.h; path = ../../../addons/ofxPostProcessing/src/DofPass.h; sourceTree = SOURCE_ROOT; };
		0AC8B4DE8CD341280FDE798A /* EdgePass.cpp */ = {isa = PBXFileReference; explicitFileType = sourcecode.cpp.cpp; fileEncoding = 30; name = EdgePass.cpp; path = ../../../addons/ofxPostProcessing/src/EdgePass.cpp; sourceTree = SOURCE_ROOT; };
		0B8688E44E42F552F4224A3D /* propertyValue.cpp */ = {isa = PBXFileReference; explicitFileType = sourcecode.cpp.cpp; fileEncoding = 30; name = propertyValue.cpp; path = ../../../addons/ofxObservableProperty/src/propertyValue.cpp; sourceTree = SOURCE_ROOT; };
		0BC82FF9BACF54030E42E808 /* RGBShiftPass.h */ = {isa = PBXFileReference; explicitFileType = sourcecode.c.h; fileEncoding = 30; name = RGBShiftPass.h; path = ../../../addons/ofxPostProcessing/src/RGBShiftPass.h; sourceTree = SOURCE_ROOT; };
		0D811F3E1817C17351F97CCF /* BleachBypassPass.h */ = {isa = PBXFileReference; explicitFileType = sourcecode.c.h; fileEncoding = 30; name = BleachBypassPass.h; path = ../../../addons/ofxPostProcessing/src/BleachBypassPass.h; sourceTree = SOURCE_ROOT; };
		0F51C0614201E0DE3E77D53A /* intProperty.cpp */ = {isa = PBXFileReference; explicitFileType = sourcecode.cpp.cpp; fileEncoding = 30; name = intProperty.cpp; path = ../../../addons/ofxObservableProperty/src/intProperty.cpp; sourceTree = SOURCE_ROOT; };
		108C4DB0C398388D00027091 /* KaleidoscopePass.cpp */ = {isa = PBXFileReference; explicitFileType = sourcecode.cpp.cpp; fileEncoding = 30; name = KaleidoscopePass.cpp; path = ../../../addons/ofxPostProcessing/src/KaleidoscopePass.cpp; sourceTree = SOURCE_ROOT; };
		14F8B4286F653202B881D865 /* ToonPass.h */ = {isa = PBXFileReference; explicitFileType = sourcecode.c.h; fileEncoding = 30; name = ToonPass.h; path = ../../../addons/ofxPostProcessing/src/ToonPass.h; sourceTree = SOURCE_ROOT; };
		1C9E4AC6CF4626BA74F7E994 /* ofxAnimatableFloat.cpp */ = {isa = PBXFileReference; explicitFileType = sourcecode.cpp.cpp; fileEncoding = 30; name = ofxAnimatableFloat.cpp; path = ../../../addons/ofxAnimatable/src/ofxAnimatableFloat.cpp; sourceTree = SOURCE_ROOT; };
		26AF4408496F9F8EE6A5129D /* propertyValue.h */ = {isa = PBXFileReference; explicitFileType = sourcecode.c.h; fileEncoding = 30; name = propertyValue.h; path = ../../../addons/ofxObservableProperty/src/propertyValue.h; sourceTree = SOURCE_ROOT; };
		2BE782D7AEC00E59BE1F567F /* VerticalTiltShifPass.h */ = {isa = PBXFileReference; explicitFileType = sourcecode.c.h; fileEncoding = 30; name = VerticalTiltShifPass.h; path = ../../../addons/ofxPostProcessing/src/VerticalTiltShifPass.h; sourceTree = SOURCE_ROOT; };
		2C2B73DCDAF417A486A343EF /* VerticalTiltShifPass.cpp */ = {isa = PBXFileReference; explicitFileType = sourcecode.cpp.cpp; fileEncoding = 30; name = VerticalTiltShifPass.cpp; path = ../../../addons/ofxPostProcessing/src/VerticalTiltShifPass.cpp; sourceTree = SOURCE_ROOT; };
		3247EB0F487201ECD41358C9 /* layout.cpp */ = {isa = PBXFileReference; explicitFileType = sourcecode.cpp.cpp; fileEncoding = 30; name = layout.cpp; path = ../../../addons/ofxLayout/src/layout/layout.cpp; sourceTree = SOURCE_ROOT; };
		3557E165C80CCB8EAF7AA57B /* stringProperty.cpp */ = {isa = PBXFileReference; explicitFileType = sourcecode.cpp.cpp; fileEncoding = 30; name = stringProperty.cpp; path = ../../../addons/ofxObservableProperty/src/stringProperty.cpp; sourceTree = SOURCE_ROOT; };
		36B9B6CD565C4C6A5BE96680 /* ofxAnimatable.h */ = {isa = PBXFileReference; explicitFileType = sourcecode.c.h; fileEncoding = 30; name = ofxAnimatable.h; path = ../../../addons/ofxAnimatable/src/ofxAnimatable.h; sourceTree = SOURCE_ROOT; };
		3AACD9661AF21261E24A05A4 /* ConvolutionPass.cpp */ = {isa = PBXFileReference; explicitFileType = sourcecode.cpp.cpp; fileEncoding = 30; name = ConvolutionPass.cpp; path = ../../../addons/ofxPostProcessing/src/ConvolutionPass.cpp; sourceTree = SOURCE_ROOT; };
		3C297F3B19E0CBB9000633ED /* mediaSection.cpp */ = {isa = PBXFileReference; fileEncoding = 4; lastKnownFileType = sourcecode.cpp.cpp; path = mediaSection.cpp; sourceTree = "<group>"; };
		3C297F3C19E0CBB9000633ED /* mediaSection.h */ = {isa = PBXFileReference; fileEncoding = 4; lastKnownFileType = sourcecode.c.h; path = mediaSection.h; sourceTree = "<group>"; };
		3C297F3D19E0CBB9000633ED /* placeholderSection.cpp */ = {isa = PBXFileReference; fileEncoding = 4; lastKnownFileType = sourcecode.cpp.cpp; path = placeholderSection.cpp; sourceTree = "<group>"; };
		3C297F3E19E0CBB9000633ED /* placeholderSection.h */ = {isa = PBXFileReference; fileEncoding = 4; lastKnownFileType = sourcecode.c.h; path = placeholderSection.h; sourceTree = "<group>"; };
		3C39EA8CB1911093FD56F9ED /* HorizontalTiltShifPass.h */ = {isa = PBXFileReference; explicitFileType = sourcecode.c.h; fileEncoding = 30; name = HorizontalTiltShifPass.h; path = ../../../addons/ofxPostProcessing/src/HorizontalTiltShifPass.h; sourceTree = SOURCE_ROOT; };
		3C6F3D7419CFBEDC002AA367 /* .gitattributes */ = {isa = PBXFileReference; fileEncoding = 4; lastKnownFileType = text; path = .gitattributes; sourceTree = "<group>"; };
		3C6F3D7519CFBEDC002AA367 /* .gitignore */ = {isa = PBXFileReference; fileEncoding = 4; lastKnownFileType = text; path = .gitignore; sourceTree = "<group>"; };
		3C6F3D7619CFBEDC002AA367 /* addon_config.mk */ = {isa = PBXFileReference; fileEncoding = 4; lastKnownFileType = text; path = addon_config.mk; sourceTree = "<group>"; };
		3C6F3DB619CFBEDF002AA367 /* json-forwards.h */ = {isa = PBXFileReference; fileEncoding = 4; lastKnownFileType = sourcecode.c.h; path = "json-forwards.h"; sourceTree = "<group>"; };
		3C6F3DB719CFBEDF002AA367 /* json.h */ = {isa = PBXFileReference; fileEncoding = 4; lastKnownFileType = sourcecode.c.h; path = json.h; sourceTree = "<group>"; };
		3C6F3DB919CFBEDF002AA367 /* jsoncpp.cpp */ = {isa = PBXFileReference; fileEncoding = 4; lastKnownFileType = sourcecode.cpp.cpp; path = jsoncpp.cpp; sourceTree = "<group>"; };
		3C6F3DBA19CFBEDF002AA367 /* README.md */ = {isa = PBXFileReference; fileEncoding = 4; lastKnownFileType = text; path = README.md; sourceTree = "<group>"; };
		3C6F3DBC19CFBEDF002AA367 /* ofxJSON.h */ = {isa = PBXFileReference; fileEncoding = 4; lastKnownFileType = sourcecode.c.h; path = ofxJSON.h; sourceTree = "<group>"; };
		3C6F3DBD19CFBEDF002AA367 /* ofxJSONElement.cpp */ = {isa = PBXFileReference; fileEncoding = 4; lastKnownFileType = sourcecode.cpp.cpp; path = ofxJSONElement.cpp; sourceTree = "<group>"; };
		3C6F3DBE19CFBEDF002AA367 /* ofxJSONElement.h */ = {isa = PBXFileReference; fileEncoding = 4; lastKnownFileType = sourcecode.c.h; path = ofxJSONElement.h; sourceTree = "<group>"; };
		3C6F3DE119CFD38E002AA367 /* sectionFactory.cpp */ = {isa = PBXFileReference; fileEncoding = 4; lastKnownFileType = sourcecode.cpp.cpp; path = sectionFactory.cpp; sourceTree = "<group>"; };
		3C6F3DE219CFD38F002AA367 /* sectionFactory.h */ = {isa = PBXFileReference; fileEncoding = 4; lastKnownFileType = sourcecode.c.h; path = sectionFactory.h; sourceTree = "<group>"; };
		3C6F3DE419CFDD33002AA367 /* sectionImpl.cpp */ = {isa = PBXFileReference; fileEncoding = 4; lastKnownFileType = sourcecode.cpp.cpp; path = sectionImpl.cpp; sourceTree = "<group>"; };
		3C6F3DE519CFDD34002AA367 /* sectionImpl.h */ = {isa = PBXFileReference; fileEncoding = 4; lastKnownFileType = sourcecode.c.h; path = sectionImpl.h; sourceTree = "<group>"; };
		3C6F3DE719CFDD80002AA367 /* sectionCreator.cpp */ = {isa = PBXFileReference; fileEncoding = 4; lastKnownFileType = sourcecode.cpp.cpp; path = sectionCreator.cpp; sourceTree = "<group>"; };
		3C6F3DE819CFDD82002AA367 /* sectionCreator.h */ = {isa = PBXFileReference; fileEncoding = 4; lastKnownFileType = sourcecode.c.h; path = sectionCreator.h; sourceTree = "<group>"; };
		3C6F3DEA19D0B2CB002AA367 /* customSection.cpp */ = {isa = PBXFileReference; fileEncoding = 4; lastKnownFileType = sourcecode.cpp.cpp; path = customSection.cpp; sourceTree = "<group>"; };
		3C6F3DEB19D0B2CB002AA367 /* customSection.h */ = {isa = PBXFileReference; fileEncoding = 4; lastKnownFileType = sourcecode.c.h; path = customSection.h; sourceTree = "<group>"; };
		3C6F3DED19D0B9BB002AA367 /* mediaSection.cpp */ = {isa = PBXFileReference; fileEncoding = 4; lastKnownFileType = sourcecode.cpp.cpp; path = mediaSection.cpp; sourceTree = "<group>"; };
		3C6F3DEE19D0B9BB002AA367 /* mediaSection.h */ = {isa = PBXFileReference; fileEncoding = 4; lastKnownFileType = sourcecode.c.h; path = mediaSection.h; sourceTree = "<group>"; };
		439613F70EC4BEA7AB79F5FD /* column.cpp */ = {isa = PBXFileReference; explicitFileType = sourcecode.cpp.cpp; fileEncoding = 30; name = column.cpp; path = ../../../addons/ofxLayout/src/layout/column.cpp; sourceTree = SOURCE_ROOT; };
		484F662699DFE8176E1B750F /* PostProcessing.cpp */ = {isa = PBXFileReference; explicitFileType = sourcecode.cpp.cpp; fileEncoding = 30; name = PostProcessing.cpp; path = ../../../addons/ofxPostProcessing/src/PostProcessing.cpp; sourceTree = SOURCE_ROOT; };
		48E4AC9F455A87F0448C70B2 /* ofxPostProcessing.h */ = {isa = PBXFileReference; explicitFileType = sourcecode.c.h; fileEncoding = 30; name = ofxPostProcessing.h; path = ../../../addons/ofxPostProcessing/src/ofxPostProcessing.h; sourceTree = SOURCE_ROOT; };
		49CAE27DC1D138037CF88ACF /* FxaaPass.h */ = {isa = PBXFileReference; explicitFileType = sourcecode.c.h; fileEncoding = 30; name = FxaaPass.h; path = ../../../addons/ofxPostProcessing/src/FxaaPass.h; sourceTree = SOURCE_ROOT; };
		4B4557C237C2CE846B764728 /* effects.h */ = {isa = PBXFileReference; explicitFileType = sourcecode.c.h; fileEncoding = 30; name = effects.h; path = ../../../addons/ofxLayout/src/layout/effects.h; sourceTree = SOURCE_ROOT; };
		4B9B61ADAB1206E79109FCD6 /* overlay.h */ = {isa = PBXFileReference; explicitFileType = sourcecode.c.h; fileEncoding = 30; name = overlay.h; path = ../../../addons/ofxLayout/src/layout/overlay.h; sourceTree = SOURCE_ROOT; };
		50800DAB6C4B18E4F92166FC /* KaleidoscopePass.h */ = {isa = PBXFileReference; explicitFileType = sourcecode.c.h; fileEncoding = 30; name = KaleidoscopePass.h; path = ../../../addons/ofxPostProcessing/src/KaleidoscopePass.h; sourceTree = SOURCE_ROOT; };
		5201F6A7A19258B7F1CA2E43 /* RGBShiftPass.cpp */ = {isa = PBXFileReference; explicitFileType = sourcecode.cpp.cpp; fileEncoding = 30; name = RGBShiftPass.cpp; path = ../../../addons/ofxPostProcessing/src/RGBShiftPass.cpp; sourceTree = SOURCE_ROOT; };
		54F36382628E4D0FF07206D7 /* RenderPass.cpp */ = {isa = PBXFileReference; explicitFileType = sourcecode.cpp.cpp; fileEncoding = 30; name = RenderPass.cpp; path = ../../../addons/ofxPostProcessing/src/RenderPass.cpp; sourceTree = SOURCE_ROOT; };
		562FDD97F2B2517640E746BC /* boolProperty.h */ = {isa = PBXFileReference; explicitFileType = sourcecode.c.h; fileEncoding = 30; name = boolProperty.h; path = ../../../addons/ofxObservableProperty/src/boolProperty.h; sourceTree = SOURCE_ROOT; };
		5A6936A5770BEB310F3826AD /* ofxAnimatableOfColor.h */ = {isa = PBXFileReference; explicitFileType = sourcecode.c.h; fileEncoding = 30; name = ofxAnimatableOfColor.h; path = ../../../addons/ofxAnimatable/src/ofxAnimatableOfColor.h; sourceTree = SOURCE_ROOT; };
		5BC56A60E911F7488A58830A /* NoiseWarpPass.cpp */ = {isa = PBXFileReference; explicitFileType = sourcecode.cpp.cpp; fileEncoding = 30; name = NoiseWarpPass.cpp; path = ../../../addons/ofxPostProcessing/src/NoiseWarpPass.cpp; sourceTree = SOURCE_ROOT; };
		5BDCD34C884444C94A7E098D /* percentProperty.h */ = {isa = PBXFileReference; explicitFileType = sourcecode.c.h; fileEncoding = 30; name = percentProperty.h; path = ../../../addons/ofxObservableProperty/src/percentProperty.h; sourceTree = SOURCE_ROOT; };
		5C5C499B8A2C4633DDF7DCDF /* intProperty.h */ = {isa = PBXFileReference; explicitFileType = sourcecode.c.h; fileEncoding = 30; name = intProperty.h; path = ../../../addons/ofxObservableProperty/src/intProperty.h; sourceTree = SOURCE_ROOT; };
		5FCA34E402E9C3A0C48F9FA9 /* ofxAnimatableOfPoint.h */ = {isa = PBXFileReference; explicitFileType = sourcecode.c.h; fileEncoding = 30; name = ofxAnimatableOfPoint.h; path = ../../../addons/ofxAnimatable/src/ofxAnimatableOfPoint.h; sourceTree = SOURCE_ROOT; };
		61A88C9F86EA0FDABDC335C8 /* column.h */ = {isa = PBXFileReference; explicitFileType = sourcecode.c.h; fileEncoding = 30; name = column.h; path = ../../../addons/ofxLayout/src/layout/column.h; sourceTree = SOURCE_ROOT; };
		64547173DA8308F53F2B74F9 /* stringProperty.h */ = {isa = PBXFileReference; explicitFileType = sourcecode.c.h; fileEncoding = 30; name = stringProperty.h; path = ../../../addons/ofxObservableProperty/src/stringProperty.h; sourceTree = SOURCE_ROOT; };
		6788311DC7D945282047837A /* ContrastPass.cpp */ = {isa = PBXFileReference; explicitFileType = sourcecode.cpp.cpp; fileEncoding = 30; name = ContrastPass.cpp; path = ../../../addons/ofxPostProcessing/src/ContrastPass.cpp; sourceTree = SOURCE_ROOT; };
		6AF187A99EECFB13E3BCCD33 /* LimbDarkeningPass.h */ = {isa = PBXFileReference; explicitFileType = sourcecode.c.h; fileEncoding = 30; name = LimbDarkeningPass.h; path = ../../../addons/ofxPostProcessing/src/LimbDarkeningPass.h; sourceTree = SOURCE_ROOT; };
		6BBE5C9251660EA96B398017 /* SSAOPass.h */ = {isa = PBXFileReference; explicitFileType = sourcecode.c.h; fileEncoding = 30; name = SSAOPass.h; path = ../../../addons/ofxPostProcessing/src/SSAOPass.h; sourceTree = SOURCE_ROOT; };
		6BC1A9FCE552D4C52C8EED10 /* overlay.cpp */ = {isa = PBXFileReference; explicitFileType = sourcecode.cpp.cpp; fileEncoding = 30; name = overlay.cpp; path = ../../../addons/ofxLayout/src/layout/overlay.cpp; sourceTree = SOURCE_ROOT; };
		6C6A6CF2AD309C3B58922071 /* ofxAnimatableFloat.h */ = {isa = PBXFileReference; explicitFileType = sourcecode.c.h; fileEncoding = 30; name = ofxAnimatableFloat.h; path = ../../../addons/ofxAnimatable/src/ofxAnimatableFloat.h; sourceTree = SOURCE_ROOT; };
		7462D018F6D6E407E598A021 /* PixelatePass.cpp */ = {isa = PBXFileReference; explicitFileType = sourcecode.cpp.cpp; fileEncoding = 30; name = PixelatePass.cpp; path = ../../../addons/ofxPostProcessing/src/PixelatePass.cpp; sourceTree = SOURCE_ROOT; };
		7478BFFC17B79892C6832072 /* percentProperty.cpp */ = {isa = PBXFileReference; explicitFileType = sourcecode.cpp.cpp; fileEncoding = 30; name = percentProperty.cpp; path = ../../../addons/ofxObservableProperty/src/percentProperty.cpp; sourceTree = SOURCE_ROOT; };
		74BDDD14F49833AD24862E87 /* RimHighlightingPass.cpp */ = {isa = PBXFileReference; explicitFileType = sourcecode.cpp.cpp; fileEncoding = 30; name = RimHighlightingPass.cpp; path = ../../../addons/ofxPostProcessing/src/RimHighlightingPass.cpp; sourceTree = SOURCE_ROOT; };
		777D89F9EECAC3FE2405D5D1 /* ofxAnimatableOfColor.cpp */ = {isa = PBXFileReference; explicitFileType = sourcecode.cpp.cpp; fileEncoding = 30; name = ofxAnimatableOfColor.cpp; path = ../../../addons/ofxAnimatable/src/ofxAnimatableOfColor.cpp; sourceTree = SOURCE_ROOT; };
		869664A9165B9FD682672D8A /* section.cpp */ = {isa = PBXFileReference; explicitFileType = sourcecode.cpp.cpp; fileEncoding = 30; name = section.cpp; path = ../../../addons/ofxLayout/src/layout/section.cpp; sourceTree = SOURCE_ROOT; };
		904CD301F7BB14F91235B2E8 /* ofxAnimatableOfPoint.cpp */ = {isa = PBXFileReference; explicitFileType = sourcecode.cpp.cpp; fileEncoding = 30; name = ofxAnimatableOfPoint.cpp; path = ../../../addons/ofxAnimatable/src/ofxAnimatableOfPoint.cpp; sourceTree = SOURCE_ROOT; };
		91F91C3BEAD0B3C2B92BB9A5 /* DofAltPass.cpp */ = {isa = PBXFileReference; explicitFileType = sourcecode.cpp.cpp; fileEncoding = 30; name = DofAltPass.cpp; path = ../../../addons/ofxPostProcessing/src/DofAltPass.cpp; sourceTree = SOURCE_ROOT; };
		9222AE2464AE1CF72876A4ED /* LimbDarkeningPass.cpp */ = {isa = PBXFileReference; explicitFileType = sourcecode.cpp.cpp; fileEncoding = 30; name = LimbDarkeningPass.cpp; path = ../../../addons/ofxPostProcessing/src/LimbDarkeningPass.cpp; sourceTree = SOURCE_ROOT; };
		9425843AEC3118B8FDEF1B0B /* FxaaPass.cpp */ = {isa = PBXFileReference; explicitFileType = sourcecode.cpp.cpp; fileEncoding = 30; name = FxaaPass.cpp; path = ../../../addons/ofxPostProcessing/src/FxaaPass.cpp; sourceTree = SOURCE_ROOT; };
		9AACF31BAE533E8F81AD4043 /* LUTPass.h */ = {isa = PBXFileReference; explicitFileType = sourcecode.c.h; fileEncoding = 30; name = LUTPass.h; path = ../../../addons/ofxPostProcessing/src/LUTPass.h; sourceTree = SOURCE_ROOT; };
		A778E5303A1A5728E0385507 /* row.h */ = {isa = PBXFileReference; explicitFileType = sourcecode.c.h; fileEncoding = 30; name = row.h; path = ../../../addons/ofxLayout/src/layout/row.h; sourceTree = SOURCE_ROOT; };
		A784AECFC67261D7F8065CD1 /* boolProperty.cpp */ = {isa = PBXFileReference; explicitFileType = sourcecode.cpp.cpp; fileEncoding = 30; name = boolProperty.cpp; path = ../../../addons/ofxObservableProperty/src/boolProperty.cpp; sourceTree = SOURCE_ROOT; };
		B2F3289AB405C5BB496FC247 /* PixelatePass.h */ = {isa = PBXFileReference; explicitFileType = sourcecode.c.h; fileEncoding = 30; name = PixelatePass.h; path = ../../../addons/ofxPostProcessing/src/PixelatePass.h; sourceTree = SOURCE_ROOT; };
		B338E8A4A97271700E84EF92 /* propertyEvent.cpp */ = {isa = PBXFileReference; explicitFileType = sourcecode.cpp.cpp; fileEncoding = 30; name = propertyEvent.cpp; path = ../../../addons/ofxObservableProperty/src/propertyEvent.cpp; sourceTree = SOURCE_ROOT; };
		B5CEF0B83529626C7E8410B7 /* BloomPass.h */ = {isa = PBXFileReference; explicitFileType = sourcecode.c.h; fileEncoding = 30; name = BloomPass.h; path = ../../../addons/ofxPostProcessing/src/BloomPass.h; sourceTree = SOURCE_ROOT; };
		BAA4E229C246D7B615917505 /* ZoomBlurPass.h */ = {isa = PBXFileReference; explicitFileType = sourcecode.c.h; fileEncoding = 30; name = ZoomBlurPass.h; path = ../../../addons/ofxPostProcessing/src/ZoomBlurPass.h; sourceTree = SOURCE_ROOT; };
		BBAB23BE13894E4700AA2426 /* GLUT.framework */ = {isa = PBXFileReference; lastKnownFileType = wrapper.framework; name = GLUT.framework; path = ../../../libs/glut/lib/osx/GLUT.framework; sourceTree = "<group>"; };
		C07AAE715D8853EDA76BC909 /* GodRaysPass.cpp */ = {isa = PBXFileReference; explicitFileType = sourcecode.cpp.cpp; fileEncoding = 30; name = GodRaysPass.cpp; path = ../../../addons/ofxPostProcessing/src/GodRaysPass.cpp; sourceTree = SOURCE_ROOT; };
		C127DCF305861E6D5D6332E6 /* SSAOPass.cpp */ = {isa = PBXFileReference; explicitFileType = sourcecode.cpp.cpp; fileEncoding = 30; name = SSAOPass.cpp; path = ../../../addons/ofxPostProcessing/src/SSAOPass.cpp; sourceTree = SOURCE_ROOT; };
		C5313A8CC477A5ECC0A7E4E8 /* BleachBypassPass.cpp */ = {isa = PBXFileReference; explicitFileType = sourcecode.cpp.cpp; fileEncoding = 30; name = BleachBypassPass.cpp; path = ../../../addons/ofxPostProcessing/src/BleachBypassPass.cpp; sourceTree = SOURCE_ROOT; };
		C64B88209AF231B4FC8B4056 /* FakeSSSPass.cpp */ = {isa = PBXFileReference; explicitFileType = sourcecode.cpp.cpp; fileEncoding = 30; name = FakeSSSPass.cpp; path = ../../../addons/ofxPostProcessing/src/FakeSSSPass.cpp; sourceTree = SOURCE_ROOT; };
		C69CBE4E4FA9530657A6CD23 /* FakeSSSPass.h */ = {isa = PBXFileReference; explicitFileType = sourcecode.c.h; fileEncoding = 30; name = FakeSSSPass.h; path = ../../../addons/ofxPostProcessing/src/FakeSSSPass.h; sourceTree = SOURCE_ROOT; };
		CC725CAE0A003458E5573DF9 /* GodRaysPass.h */ = {isa = PBXFileReference; explicitFileType = sourcecode.c.h; fileEncoding = 30; name = GodRaysPass.h; path = ../../../addons/ofxPostProcessing/src/GodRaysPass.h; sourceTree = SOURCE_ROOT; };
		CFB16F8CCCD34118E86A7846 /* factory.h */ = {isa = PBXFileReference; explicitFileType = sourcecode.c.h; fileEncoding = 30; name = factory.h; path = ../../../addons/ofxLayout/src/layout/factory.h; sourceTree = SOURCE_ROOT; };
		D41ED8C8083845703AA1FDFA /* BloomPass.cpp */ = {isa = PBXFileReference; explicitFileType = sourcecode.cpp.cpp; fileEncoding = 30; name = BloomPass.cpp; path = ../../../addons/ofxPostProcessing/src/BloomPass.cpp; sourceTree = SOURCE_ROOT; };
		D62ADF08260E3D3804D83056 /* effects.cpp */ = {isa = PBXFileReference; explicitFileType = sourcecode.cpp.cpp; fileEncoding = 30; name = effects.cpp; path = ../../../addons/ofxLayout/src/layout/effects.cpp; sourceTree = SOURCE_ROOT; };
		DACACDF2F37260A0BFF826E2 /* PostProcessing.h */ = {isa = PBXFileReference; explicitFileType = sourcecode.c.h; fileEncoding = 30; name = PostProcessing.h; path = ../../../addons/ofxPostProcessing/src/PostProcessing.h; sourceTree = SOURCE_ROOT; };
		E003A9D2250363CBFF0353D3 /* section.h */ = {isa = PBXFileReference; explicitFileType = sourcecode.c.h; fileEncoding = 30; name = section.h; path = ../src/layout/section.h; sourceTree = SOURCE_ROOT; };
		E4328143138ABC890047C5CB /* openFrameworksLib.xcodeproj */ = {isa = PBXFileReference; lastKnownFileType = "wrapper.pb-project"; name = openFrameworksLib.xcodeproj; path = ../../../libs/openFrameworksCompiled/project/osx/openFrameworksLib.xcodeproj; sourceTree = SOURCE_ROOT; };
		E45BE9710E8CC7DD009D7055 /* AGL.framework */ = {isa = PBXFileReference; lastKnownFileType = wrapper.framework; name = AGL.framework; path = /System/Library/Frameworks/AGL.framework; sourceTree = "<absolute>"; };
		E45BE9720E8CC7DD009D7055 /* ApplicationServices.framework */ = {isa = PBXFileReference; lastKnownFileType = wrapper.framework; name = ApplicationServices.framework; path = /System/Library/Frameworks/ApplicationServices.framework; sourceTree = "<absolute>"; };
		E45BE9730E8CC7DD009D7055 /* AudioToolbox.framework */ = {isa = PBXFileReference; lastKnownFileType = wrapper.framework; name = AudioToolbox.framework; path = /System/Library/Frameworks/AudioToolbox.framework; sourceTree = "<absolute>"; };
		E45BE9750E8CC7DD009D7055 /* CoreAudio.framework */ = {isa = PBXFileReference; lastKnownFileType = wrapper.framework; name = CoreAudio.framework; path = /System/Library/Frameworks/CoreAudio.framework; sourceTree = "<absolute>"; };
		E45BE9760E8CC7DD009D7055 /* CoreFoundation.framework */ = {isa = PBXFileReference; lastKnownFileType = wrapper.framework; name = CoreFoundation.framework; path = /System/Library/Frameworks/CoreFoundation.framework; sourceTree = "<absolute>"; };
		E45BE9770E8CC7DD009D7055 /* CoreServices.framework */ = {isa = PBXFileReference; lastKnownFileType = wrapper.framework; name = CoreServices.framework; path = /System/Library/Frameworks/CoreServices.framework; sourceTree = "<absolute>"; };
		E45BE9790E8CC7DD009D7055 /* OpenGL.framework */ = {isa = PBXFileReference; lastKnownFileType = wrapper.framework; name = OpenGL.framework; path = /System/Library/Frameworks/OpenGL.framework; sourceTree = "<absolute>"; };
		E45BE97A0E8CC7DD009D7055 /* QuickTime.framework */ = {isa = PBXFileReference; lastKnownFileType = wrapper.framework; name = QuickTime.framework; path = /System/Library/Frameworks/QuickTime.framework; sourceTree = "<absolute>"; };
		E4B69B5B0A3A1756003C02F2 /* example_configDebug.app */ = {isa = PBXFileReference; explicitFileType = wrapper.application; includeInIndex = 0; path = example_configDebug.app; sourceTree = BUILT_PRODUCTS_DIR; };
		E4B69E1D0A3A1BDC003C02F2 /* main.cpp */ = {isa = PBXFileReference; fileEncoding = 30; lastKnownFileType = sourcecode.cpp.cpp; name = main.cpp; path = src/main.cpp; sourceTree = SOURCE_ROOT; };
		E4B69E1E0A3A1BDC003C02F2 /* ofApp.cpp */ = {isa = PBXFileReference; explicitFileType = sourcecode.cpp.cpp; fileEncoding = 30; name = ofApp.cpp; path = src/ofApp.cpp; sourceTree = SOURCE_ROOT; };
		E4B69E1F0A3A1BDC003C02F2 /* ofApp.h */ = {isa = PBXFileReference; fileEncoding = 30; lastKnownFileType = sourcecode.c.h; name = ofApp.h; path = src/ofApp.h; sourceTree = SOURCE_ROOT; };
		E4B6FCAD0C3E899E008CF71C /* openFrameworks-Info.plist */ = {isa = PBXFileReference; fileEncoding = 30; lastKnownFileType = text.plist.xml; path = "openFrameworks-Info.plist"; sourceTree = "<group>"; };
		E4C2424410CC5A17004149E2 /* AppKit.framework */ = {isa = PBXFileReference; lastKnownFileType = wrapper.framework; name = AppKit.framework; path = /System/Library/Frameworks/AppKit.framework; sourceTree = "<absolute>"; };
		E4C2424510CC5A17004149E2 /* Cocoa.framework */ = {isa = PBXFileReference; lastKnownFileType = wrapper.framework; name = Cocoa.framework; path = /System/Library/Frameworks/Cocoa.framework; sourceTree = "<absolute>"; };
		E4C2424610CC5A17004149E2 /* IOKit.framework */ = {isa = PBXFileReference; lastKnownFileType = wrapper.framework; name = IOKit.framework; path = /System/Library/Frameworks/IOKit.framework; sourceTree = "<absolute>"; };
		E4EB691F138AFCF100A09F29 /* CoreOF.xcconfig */ = {isa = PBXFileReference; fileEncoding = 4; lastKnownFileType = text.xcconfig; name = CoreOF.xcconfig; path = ../../../libs/openFrameworksCompiled/project/osx/CoreOF.xcconfig; sourceTree = SOURCE_ROOT; };
		E4EB6923138AFD0F00A09F29 /* Project.xcconfig */ = {isa = PBXFileReference; fileEncoding = 4; lastKnownFileType = text.xcconfig; path = Project.xcconfig; sourceTree = "<group>"; };
		E547AB568F5E5027A880C47C /* ToonPass.cpp */ = {isa = PBXFileReference; explicitFileType = sourcecode.cpp.cpp; fileEncoding = 30; name = ToonPass.cpp; path = ../../../addons/ofxPostProcessing/src/ToonPass.cpp; sourceTree = SOURCE_ROOT; };
		E777B94FE43B4D5CD747A3FB /* row.cpp */ = {isa = PBXFileReference; explicitFileType = sourcecode.cpp.cpp; fileEncoding = 30; name = row.cpp; path = ../../../addons/ofxLayout/src/layout/row.cpp; sourceTree = SOURCE_ROOT; };
		E7E077E415D3B63C0020DFD4 /* CoreVideo.framework */ = {isa = PBXFileReference; lastKnownFileType = wrapper.framework; name = CoreVideo.framework; path = /System/Library/Frameworks/CoreVideo.framework; sourceTree = "<absolute>"; };
		E7E077E715D3B6510020DFD4 /* QTKit.framework */ = {isa = PBXFileReference; lastKnownFileType = wrapper.framework; name = QTKit.framework; path = /System/Library/Frameworks/QTKit.framework; sourceTree = "<absolute>"; };
		E7F985F515E0DE99003869B5 /* Accelerate.framework */ = {isa = PBXFileReference; lastKnownFileType = wrapper.framework; name = Accelerate.framework; path = /System/Library/Frameworks/Accelerate.framework; sourceTree = "<absolute>"; };
		E837DEBFAEA1CAD833A377DF /* DofPass.cpp */ = {isa = PBXFileReference; explicitFileType = sourcecode.cpp.cpp; fileEncoding = 30; name = DofPass.cpp; path = ../../../addons/ofxPostProcessing/src/DofPass.cpp; sourceTree = SOURCE_ROOT; };
		E84ADD8443D82E35430385B7 /* RimHighlightingPass.h */ = {isa = PBXFileReference; explicitFileType = sourcecode.c.h; fileEncoding = 30; name = RimHighlightingPass.h; path = ../../../addons/ofxPostProcessing/src/RimHighlightingPass.h; sourceTree = SOURCE_ROOT; };
		EA2A13781712672758AFD432 /* DofAltPass.h */ = {isa = PBXFileReference; explicitFileType = sourcecode.c.h; fileEncoding = 30; name = DofAltPass.h; path = ../../../addons/ofxPostProcessing/src/DofAltPass.h; sourceTree = SOURCE_ROOT; };
		EB4C1C678C7B846CC9C89034 /* parser.h */ = {isa = PBXFileReference; explicitFileType = sourcecode.c.h; fileEncoding = 30; name = parser.h; path = ../../../addons/ofxLayout/src/layout/parser.h; sourceTree = SOURCE_ROOT; };
		EB7F07EC590651814A7A55E1 /* propertyEvent.h */ = {isa = PBXFileReference; explicitFileType = sourcecode.c.h; fileEncoding = 30; name = propertyEvent.h; path = ../../../addons/ofxObservableProperty/src/propertyEvent.h; sourceTree = SOURCE_ROOT; };
		EC7E2B28ADF3B2B60575177F /* layout.h */ = {isa = PBXFileReference; explicitFileType = sourcecode.c.h; fileEncoding = 30; name = layout.h; path = ../../../addons/ofxLayout/src/layout/layout.h; sourceTree = SOURCE_ROOT; };
		EF8D27B3DEDC121DE85F5B7B /* ZoomBlurPass.cpp */ = {isa = PBXFileReference; explicitFileType = sourcecode.cpp.cpp; fileEncoding = 30; name = ZoomBlurPass.cpp; path = ../../../addons/ofxPostProcessing/src/ZoomBlurPass.cpp; sourceTree = SOURCE_ROOT; };
		F171898BD12F77CCAD29B7C1 /* LUTPass.cpp */ = {isa = PBXFileReference; explicitFileType = sourcecode.cpp.cpp; fileEncoding = 30; name = LUTPass.cpp; path = ../../../addons/ofxPostProcessing/src/LUTPass.cpp; sourceTree = SOURCE_ROOT; };
		F5DB1AC24B8010FC3C556AAC /* RenderPass.h */ = {isa = PBXFileReference; explicitFileType = sourcecode.c.h; fileEncoding = 30; name = RenderPass.h; path = ../../../addons/ofxPostProcessing/src/RenderPass.h; sourceTree = SOURCE_ROOT; };
		F7CFEE77982205D3F1496C03 /* ofxAnimatable.cpp */ = {isa = PBXFileReference; explicitFileType = sourcecode.cpp.cpp; fileEncoding = 30; name = ofxAnimatable.cpp; path = ../../../addons/ofxAnimatable/src/ofxAnimatable.cpp; sourceTree = SOURCE_ROOT; };
		F98D3119B492CAFA65819DDA /* ContrastPass.h */ = {isa = PBXFileReference; explicitFileType = sourcecode.c.h; fileEncoding = 30; name = ContrastPass.h; path = ../../../addons/ofxPostProcessing/src/ContrastPass.h; sourceTree = SOURCE_ROOT; };
		F9E69702DE151AD76690D1CF /* NoiseWarpPass.h */ = {isa = PBXFileReference; explicitFileType = sourcecode.c.h; fileEncoding = 30; name = NoiseWarpPass.h; path = ../../../addons/ofxPostProcessing/src/NoiseWarpPass.h; sourceTree = SOURCE_ROOT; };
		FAF7EF26FE0FF19EA6D9419D /* HorizontalTiltShifPass.cpp */ = {isa = PBXFileReference; explicitFileType = sourcecode.cpp.cpp; fileEncoding = 30; name = HorizontalTiltShifPass.cpp; path = ../../../addons/ofxPostProcessing/src/HorizontalTiltShifPass.cpp; sourceTree = SOURCE_ROOT; };
/* End PBXFileReference section */

/* Begin PBXFrameworksBuildPhase section */
		E4B69B590A3A1756003C02F2 /* Frameworks */ = {
			isa = PBXFrameworksBuildPhase;
			buildActionMask = 2147483647;
			files = (
				E7F985F815E0DEA3003869B5 /* Accelerate.framework in Frameworks */,
				E7E077E815D3B6510020DFD4 /* QTKit.framework in Frameworks */,
				E4EB6799138ADC1D00A09F29 /* GLUT.framework in Frameworks */,
				E4328149138ABC9F0047C5CB /* openFrameworksDebug.a in Frameworks */,
				E45BE97B0E8CC7DD009D7055 /* AGL.framework in Frameworks */,
				E45BE97C0E8CC7DD009D7055 /* ApplicationServices.framework in Frameworks */,
				E45BE97D0E8CC7DD009D7055 /* AudioToolbox.framework in Frameworks */,
				E45BE97F0E8CC7DD009D7055 /* CoreAudio.framework in Frameworks */,
				E45BE9800E8CC7DD009D7055 /* CoreFoundation.framework in Frameworks */,
				E45BE9810E8CC7DD009D7055 /* CoreServices.framework in Frameworks */,
				E45BE9830E8CC7DD009D7055 /* OpenGL.framework in Frameworks */,
				E45BE9840E8CC7DD009D7055 /* QuickTime.framework in Frameworks */,
				E4C2424710CC5A17004149E2 /* AppKit.framework in Frameworks */,
				E4C2424810CC5A17004149E2 /* Cocoa.framework in Frameworks */,
				E4C2424910CC5A17004149E2 /* IOKit.framework in Frameworks */,
				E7E077E515D3B63C0020DFD4 /* CoreVideo.framework in Frameworks */,
			);
			runOnlyForDeploymentPostprocessing = 0;
		};
/* End PBXFrameworksBuildPhase section */

/* Begin PBXGroup section */
		3C297F3A19E0CBB9000633ED /* sections */ = {
			isa = PBXGroup;
			children = (
				3C297F3B19E0CBB9000633ED /* mediaSection.cpp */,
				3C297F3C19E0CBB9000633ED /* mediaSection.h */,
				3C297F3D19E0CBB9000633ED /* placeholderSection.cpp */,
				3C297F3E19E0CBB9000633ED /* placeholderSection.h */,
			);
			path = sections;
			sourceTree = "<group>";
		};
		3C6F3D7319CFBEDC002AA367 /* ofxJSON */ = {
			isa = PBXGroup;
			children = (
				3C6F3D7419CFBEDC002AA367 /* .gitattributes */,
				3C6F3D7519CFBEDC002AA367 /* .gitignore */,
				3C6F3D7619CFBEDC002AA367 /* addon_config.mk */,
				3C6F3DB219CFBEDF002AA367 /* libs */,
				3C6F3DBA19CFBEDF002AA367 /* README.md */,
				3C6F3DBB19CFBEDF002AA367 /* src */,
			);
			name = ofxJSON;
			path = ../../ofxJSON;
			sourceTree = "<group>";
		};
		3C6F3DB219CFBEDF002AA367 /* libs */ = {
			isa = PBXGroup;
			children = (
				3C6F3DB319CFBEDF002AA367 /* jsoncpp */,
			);
			path = libs;
			sourceTree = "<group>";
		};
		3C6F3DB319CFBEDF002AA367 /* jsoncpp */ = {
			isa = PBXGroup;
			children = (
				3C6F3DB419CFBEDF002AA367 /* include */,
				3C6F3DB819CFBEDF002AA367 /* src */,
			);
			path = jsoncpp;
			sourceTree = "<group>";
		};
		3C6F3DB419CFBEDF002AA367 /* include */ = {
			isa = PBXGroup;
			children = (
				3C6F3DB519CFBEDF002AA367 /* json */,
			);
			path = include;
			sourceTree = "<group>";
		};
		3C6F3DB519CFBEDF002AA367 /* json */ = {
			isa = PBXGroup;
			children = (
				3C6F3DB619CFBEDF002AA367 /* json-forwards.h */,
				3C6F3DB719CFBEDF002AA367 /* json.h */,
			);
			path = json;
			sourceTree = "<group>";
		};
		3C6F3DB819CFBEDF002AA367 /* src */ = {
			isa = PBXGroup;
			children = (
				3C6F3DB919CFBEDF002AA367 /* jsoncpp.cpp */,
			);
			path = src;
			sourceTree = "<group>";
		};
		3C6F3DBB19CFBEDF002AA367 /* src */ = {
			isa = PBXGroup;
			children = (
				3C6F3DBC19CFBEDF002AA367 /* ofxJSON.h */,
				3C6F3DBD19CFBEDF002AA367 /* ofxJSONElement.cpp */,
				3C6F3DBE19CFBEDF002AA367 /* ofxJSONElement.h */,
			);
			path = src;
			sourceTree = "<group>";
		};
		3D6CE789083A6ABD3E3DE490 /* ofxLayout */ = {
			isa = PBXGroup;
			children = (
				96A094E28DE5042D38C466B5 /* src */,
			);
			name = ofxLayout;
			sourceTree = SOURCE_ROOT;
		};
		4B6F57BE3EF6A8553357A937 /* ofxObservableProperty */ = {
			isa = PBXGroup;
			children = (
				D0A9DE5C66A615F293F02F72 /* src */,
			);
			name = ofxObservableProperty;
			sourceTree = "<group>";
		};
		77D15063F4BA97D54A341DB9 /* layout */ = {
			isa = PBXGroup;
			children = (
				3C6F3DE119CFD38E002AA367 /* sectionFactory.cpp */,
				3C6F3DE219CFD38F002AA367 /* sectionFactory.h */,
				439613F70EC4BEA7AB79F5FD /* column.cpp */,
				61A88C9F86EA0FDABDC335C8 /* column.h */,
				D62ADF08260E3D3804D83056 /* effects.cpp */,
				4B4557C237C2CE846B764728 /* effects.h */,
				CFB16F8CCCD34118E86A7846 /* factory.h */,
				3247EB0F487201ECD41358C9 /* layout.cpp */,
				EC7E2B28ADF3B2B60575177F /* layout.h */,
				6BC1A9FCE552D4C52C8EED10 /* overlay.cpp */,
				4B9B61ADAB1206E79109FCD6 /* overlay.h */,
				EB4C1C678C7B846CC9C89034 /* parser.h */,
				E777B94FE43B4D5CD747A3FB /* row.cpp */,
				A778E5303A1A5728E0385507 /* row.h */,
				869664A9165B9FD682672D8A /* section.cpp */,
				E003A9D2250363CBFF0353D3 /* section.h */,
				3C6F3DE419CFDD33002AA367 /* sectionImpl.cpp */,
				3C6F3DE519CFDD34002AA367 /* sectionImpl.h */,
				3C6F3DE719CFDD80002AA367 /* sectionCreator.cpp */,
				3C6F3DE819CFDD82002AA367 /* sectionCreator.h */,
			);
			name = layout;
			path = ../src/layout;
			sourceTree = SOURCE_ROOT;
		};
		8D83D7AC476703EBECC1932D /* ofxAnimatable */ = {
			isa = PBXGroup;
			children = (
				B8118C79E563998DA9D23B17 /* src */,
			);
			name = ofxAnimatable;
			sourceTree = "<group>";
		};
		96A094E28DE5042D38C466B5 /* src */ = {
			isa = PBXGroup;
			children = (
				3C297F3A19E0CBB9000633ED /* sections */,
				77D15063F4BA97D54A341DB9 /* layout */,
			);
			name = src;
			sourceTree = SOURCE_ROOT;
		};
		AFF78A8EB1A778F89BAD1809 /* src */ = {
			isa = PBXGroup;
			children = (
				C5313A8CC477A5ECC0A7E4E8 /* BleachBypassPass.cpp */,
				0D811F3E1817C17351F97CCF /* BleachBypassPass.h */,
				D41ED8C8083845703AA1FDFA /* BloomPass.cpp */,
				B5CEF0B83529626C7E8410B7 /* BloomPass.h */,
				6788311DC7D945282047837A /* ContrastPass.cpp */,
				F98D3119B492CAFA65819DDA /* ContrastPass.h */,
				3AACD9661AF21261E24A05A4 /* ConvolutionPass.cpp */,
				044D4B2A1A607F88FEF2B610 /* ConvolutionPass.h */,
				91F91C3BEAD0B3C2B92BB9A5 /* DofAltPass.cpp */,
				EA2A13781712672758AFD432 /* DofAltPass.h */,
				E837DEBFAEA1CAD833A377DF /* DofPass.cpp */,
				0453A7C309E8AE8F8C1CC6E8 /* DofPass.h */,
				0AC8B4DE8CD341280FDE798A /* EdgePass.cpp */,
				0217829E621698E1FD8D9876 /* EdgePass.h */,
				C64B88209AF231B4FC8B4056 /* FakeSSSPass.cpp */,
				C69CBE4E4FA9530657A6CD23 /* FakeSSSPass.h */,
				9425843AEC3118B8FDEF1B0B /* FxaaPass.cpp */,
				49CAE27DC1D138037CF88ACF /* FxaaPass.h */,
				C07AAE715D8853EDA76BC909 /* GodRaysPass.cpp */,
				CC725CAE0A003458E5573DF9 /* GodRaysPass.h */,
				FAF7EF26FE0FF19EA6D9419D /* HorizontalTiltShifPass.cpp */,
				3C39EA8CB1911093FD56F9ED /* HorizontalTiltShifPass.h */,
				108C4DB0C398388D00027091 /* KaleidoscopePass.cpp */,
				50800DAB6C4B18E4F92166FC /* KaleidoscopePass.h */,
				9222AE2464AE1CF72876A4ED /* LimbDarkeningPass.cpp */,
				6AF187A99EECFB13E3BCCD33 /* LimbDarkeningPass.h */,
				F171898BD12F77CCAD29B7C1 /* LUTPass.cpp */,
				9AACF31BAE533E8F81AD4043 /* LUTPass.h */,
				5BC56A60E911F7488A58830A /* NoiseWarpPass.cpp */,
				F9E69702DE151AD76690D1CF /* NoiseWarpPass.h */,
				48E4AC9F455A87F0448C70B2 /* ofxPostProcessing.h */,
				7462D018F6D6E407E598A021 /* PixelatePass.cpp */,
				B2F3289AB405C5BB496FC247 /* PixelatePass.h */,
				484F662699DFE8176E1B750F /* PostProcessing.cpp */,
				DACACDF2F37260A0BFF826E2 /* PostProcessing.h */,
				54F36382628E4D0FF07206D7 /* RenderPass.cpp */,
				F5DB1AC24B8010FC3C556AAC /* RenderPass.h */,
				5201F6A7A19258B7F1CA2E43 /* RGBShiftPass.cpp */,
				0BC82FF9BACF54030E42E808 /* RGBShiftPass.h */,
				74BDDD14F49833AD24862E87 /* RimHighlightingPass.cpp */,
				E84ADD8443D82E35430385B7 /* RimHighlightingPass.h */,
				C127DCF305861E6D5D6332E6 /* SSAOPass.cpp */,
				6BBE5C9251660EA96B398017 /* SSAOPass.h */,
				E547AB568F5E5027A880C47C /* ToonPass.cpp */,
				14F8B4286F653202B881D865 /* ToonPass.h */,
				2C2B73DCDAF417A486A343EF /* VerticalTiltShifPass.cpp */,
				2BE782D7AEC00E59BE1F567F /* VerticalTiltShifPass.h */,
				EF8D27B3DEDC121DE85F5B7B /* ZoomBlurPass.cpp */,
				BAA4E229C246D7B615917505 /* ZoomBlurPass.h */,
			);
			name = src;
			sourceTree = "<group>";
		};
		B8118C79E563998DA9D23B17 /* src */ = {
			isa = PBXGroup;
			children = (
				F7CFEE77982205D3F1496C03 /* ofxAnimatable.cpp */,
				36B9B6CD565C4C6A5BE96680 /* ofxAnimatable.h */,
				1C9E4AC6CF4626BA74F7E994 /* ofxAnimatableFloat.cpp */,
				6C6A6CF2AD309C3B58922071 /* ofxAnimatableFloat.h */,
				777D89F9EECAC3FE2405D5D1 /* ofxAnimatableOfColor.cpp */,
				5A6936A5770BEB310F3826AD /* ofxAnimatableOfColor.h */,
				904CD301F7BB14F91235B2E8 /* ofxAnimatableOfPoint.cpp */,
				5FCA34E402E9C3A0C48F9FA9 /* ofxAnimatableOfPoint.h */,
			);
			name = src;
			sourceTree = "<group>";
		};
		BB4B014C10F69532006C3DED /* addons */ = {
			isa = PBXGroup;
			children = (
				3C6F3D7319CFBEDC002AA367 /* ofxJSON */,
				8D83D7AC476703EBECC1932D /* ofxAnimatable */,
				3D6CE789083A6ABD3E3DE490 /* ofxLayout */,
				4B6F57BE3EF6A8553357A937 /* ofxObservableProperty */,
				BD52EC6DCE402D90869A80A1 /* ofxPostProcessing */,
			);
			name = addons;
			sourceTree = "<group>";
		};
		BBAB23C913894ECA00AA2426 /* system frameworks */ = {
			isa = PBXGroup;
			children = (
				E7F985F515E0DE99003869B5 /* Accelerate.framework */,
				E4C2424410CC5A17004149E2 /* AppKit.framework */,
				E4C2424510CC5A17004149E2 /* Cocoa.framework */,
				E4C2424610CC5A17004149E2 /* IOKit.framework */,
				E45BE9710E8CC7DD009D7055 /* AGL.framework */,
				E45BE9720E8CC7DD009D7055 /* ApplicationServices.framework */,
				E45BE9730E8CC7DD009D7055 /* AudioToolbox.framework */,
				E45BE9750E8CC7DD009D7055 /* CoreAudio.framework */,
				E45BE9760E8CC7DD009D7055 /* CoreFoundation.framework */,
				E45BE9770E8CC7DD009D7055 /* CoreServices.framework */,
				E45BE9790E8CC7DD009D7055 /* OpenGL.framework */,
				E45BE97A0E8CC7DD009D7055 /* QuickTime.framework */,
				E7E077E415D3B63C0020DFD4 /* CoreVideo.framework */,
				E7E077E715D3B6510020DFD4 /* QTKit.framework */,
			);
			name = "system frameworks";
			sourceTree = "<group>";
		};
		BBAB23CA13894EDB00AA2426 /* 3rd party frameworks */ = {
			isa = PBXGroup;
			children = (
				BBAB23BE13894E4700AA2426 /* GLUT.framework */,
			);
			name = "3rd party frameworks";
			sourceTree = "<group>";
		};
		BD52EC6DCE402D90869A80A1 /* ofxPostProcessing */ = {
			isa = PBXGroup;
			children = (
				AFF78A8EB1A778F89BAD1809 /* src */,
			);
			name = ofxPostProcessing;
			sourceTree = "<group>";
		};
		D0A9DE5C66A615F293F02F72 /* src */ = {
			isa = PBXGroup;
			children = (
				A784AECFC67261D7F8065CD1 /* boolProperty.cpp */,
				562FDD97F2B2517640E746BC /* boolProperty.h */,
				0F51C0614201E0DE3E77D53A /* intProperty.cpp */,
				5C5C499B8A2C4633DDF7DCDF /* intProperty.h */,
				7478BFFC17B79892C6832072 /* percentProperty.cpp */,
				5BDCD34C884444C94A7E098D /* percentProperty.h */,
				B338E8A4A97271700E84EF92 /* propertyEvent.cpp */,
				EB7F07EC590651814A7A55E1 /* propertyEvent.h */,
				0B8688E44E42F552F4224A3D /* propertyValue.cpp */,
				26AF4408496F9F8EE6A5129D /* propertyValue.h */,
				3557E165C80CCB8EAF7AA57B /* stringProperty.cpp */,
				64547173DA8308F53F2B74F9 /* stringProperty.h */,
			);
			name = src;
			sourceTree = "<group>";
		};
		E4328144138ABC890047C5CB /* Products */ = {
			isa = PBXGroup;
			children = (
				E4328148138ABC890047C5CB /* openFrameworksDebug.a */,
			);
			name = Products;
			sourceTree = "<group>";
		};
		E45BE5980E8CC70C009D7055 /* frameworks */ = {
			isa = PBXGroup;
			children = (
				BBAB23CA13894EDB00AA2426 /* 3rd party frameworks */,
				BBAB23C913894ECA00AA2426 /* system frameworks */,
			);
			name = frameworks;
			sourceTree = "<group>";
		};
		E4B69B4A0A3A1720003C02F2 = {
			isa = PBXGroup;
			children = (
				E4B6FCAD0C3E899E008CF71C /* openFrameworks-Info.plist */,
				E4EB6923138AFD0F00A09F29 /* Project.xcconfig */,
				E4B69E1C0A3A1BDC003C02F2 /* src */,
				E4EEC9E9138DF44700A80321 /* openFrameworks */,
				BB4B014C10F69532006C3DED /* addons */,
				E45BE5980E8CC70C009D7055 /* frameworks */,
				E4B69B5B0A3A1756003C02F2 /* example_configDebug.app */,
			);
			sourceTree = "<group>";
		};
		E4B69E1C0A3A1BDC003C02F2 /* src */ = {
			isa = PBXGroup;
			children = (
				E4B69E1D0A3A1BDC003C02F2 /* main.cpp */,
				E4B69E1E0A3A1BDC003C02F2 /* ofApp.cpp */,
				E4B69E1F0A3A1BDC003C02F2 /* ofApp.h */,
				3C6F3DEA19D0B2CB002AA367 /* customSection.cpp */,
				3C6F3DEB19D0B2CB002AA367 /* customSection.h */,
				3C6F3DED19D0B9BB002AA367 /* mediaSection.cpp */,
				3C6F3DEE19D0B9BB002AA367 /* mediaSection.h */,
			);
			path = src;
			sourceTree = SOURCE_ROOT;
		};
		E4EEC9E9138DF44700A80321 /* openFrameworks */ = {
			isa = PBXGroup;
			children = (
				E4EB691F138AFCF100A09F29 /* CoreOF.xcconfig */,
				E4328143138ABC890047C5CB /* openFrameworksLib.xcodeproj */,
			);
			name = openFrameworks;
			sourceTree = "<group>";
		};
/* End PBXGroup section */

/* Begin PBXNativeTarget section */
		E4B69B5A0A3A1756003C02F2 /* example_config */ = {
			isa = PBXNativeTarget;
			buildConfigurationList = E4B69B5F0A3A1757003C02F2 /* Build configuration list for PBXNativeTarget "example_config" */;
			buildPhases = (
				E4B69B580A3A1756003C02F2 /* Sources */,
				E4B69B590A3A1756003C02F2 /* Frameworks */,
				E4B6FFFD0C3F9AB9008CF71C /* ShellScript */,
				E4C2427710CC5ABF004149E2 /* CopyFiles */,
			);
			buildRules = (
			);
			dependencies = (
				E4EEB9AC138B136A00A80321 /* PBXTargetDependency */,
			);
			name = example_config;
			productName = myOFApp;
			productReference = E4B69B5B0A3A1756003C02F2 /* example_configDebug.app */;
			productType = "com.apple.product-type.application";
		};
/* End PBXNativeTarget section */

/* Begin PBXProject section */
		E4B69B4C0A3A1720003C02F2 /* Project object */ = {
			isa = PBXProject;
			attributes = {
				LastUpgradeCheck = 0460;
			};
			buildConfigurationList = E4B69B4D0A3A1720003C02F2 /* Build configuration list for PBXProject "example_config" */;
			compatibilityVersion = "Xcode 3.2";
			developmentRegion = English;
			hasScannedForEncodings = 0;
			knownRegions = (
				English,
				Japanese,
				French,
				German,
			);
			mainGroup = E4B69B4A0A3A1720003C02F2;
			productRefGroup = E4B69B4A0A3A1720003C02F2;
			projectDirPath = "";
			projectReferences = (
				{
					ProductGroup = E4328144138ABC890047C5CB /* Products */;
					ProjectRef = E4328143138ABC890047C5CB /* openFrameworksLib.xcodeproj */;
				},
			);
			projectRoot = "";
			targets = (
				E4B69B5A0A3A1756003C02F2 /* example_config */,
			);
		};
/* End PBXProject section */

/* Begin PBXReferenceProxy section */
		E4328148138ABC890047C5CB /* openFrameworksDebug.a */ = {
			isa = PBXReferenceProxy;
			fileType = archive.ar;
			path = openFrameworksDebug.a;
			remoteRef = E4328147138ABC890047C5CB /* PBXContainerItemProxy */;
			sourceTree = BUILT_PRODUCTS_DIR;
		};
/* End PBXReferenceProxy section */

/* Begin PBXShellScriptBuildPhase section */
		E4B6FFFD0C3F9AB9008CF71C /* ShellScript */ = {
			isa = PBXShellScriptBuildPhase;
			buildActionMask = 2147483647;
			files = (
			);
			inputPaths = (
			);
			outputPaths = (
			);
			runOnlyForDeploymentPostprocessing = 0;
			shellPath = /bin/sh;
			shellScript = "cp -f ../../../libs/fmodex/lib/osx/libfmodex.dylib \"$TARGET_BUILD_DIR/$PRODUCT_NAME.app/Contents/MacOS/libfmodex.dylib\"; install_name_tool -change ./libfmodex.dylib @executable_path/libfmodex.dylib \"$TARGET_BUILD_DIR/$PRODUCT_NAME.app/Contents/MacOS/$PRODUCT_NAME\";\nmkdir -p \"$TARGET_BUILD_DIR/$PRODUCT_NAME.app/Contents/Resources/\"\ncp -f \"$ICON_FILE\" \"$TARGET_BUILD_DIR/$PRODUCT_NAME.app/Contents/Resources/\"\n";
		};
/* End PBXShellScriptBuildPhase section */

/* Begin PBXSourcesBuildPhase section */
		E4B69B580A3A1756003C02F2 /* Sources */ = {
			isa = PBXSourcesBuildPhase;
			buildActionMask = 2147483647;
			files = (
				E4B69E200A3A1BDC003C02F2 /* main.cpp in Sources */,
				E4B69E210A3A1BDC003C02F2 /* ofApp.cpp in Sources */,
				52C77060FBB9307AEFDAE8C6 /* ofxAnimatable.cpp in Sources */,
				5D067CF087427621DD1E64B8 /* ofxAnimatableFloat.cpp in Sources */,
				74D31933EE82E12834DB3B06 /* ofxAnimatableOfColor.cpp in Sources */,
				BC054B7D3B48B395B1D87F2E /* ofxAnimatableOfPoint.cpp in Sources */,
				679B2C165341D2BFA18D0F1E /* column.cpp in Sources */,
				A60404D99F3A2182E2FAD2AD /* effects.cpp in Sources */,
				AC9CA2DA1CE0347DEAE6C3A3 /* layout.cpp in Sources */,
				F57C303C7D9FDDAC73C9879A /* overlay.cpp in Sources */,
				8E3A23809791428E1B591BD4 /* row.cpp in Sources */,
				3BD65764474610DA6A9794B1 /* section.cpp in Sources */,
				CF4A44F97F1C97305F34D79C /* boolProperty.cpp in Sources */,
				FF237FFA5FB87B1AA2963E51 /* intProperty.cpp in Sources */,
				C120AB1D289EB2FC770B5ACC /* percentProperty.cpp in Sources */,
				0E3F2DA88FB42A383D080547 /* propertyEvent.cpp in Sources */,
				DB5F7FB412E3B8048B7B6CB7 /* propertyValue.cpp in Sources */,
				C2DB9F6B29F3040F9AA4CD4D /* stringProperty.cpp in Sources */,
				79308B05C4D0A9B9E404FFED /* BleachBypassPass.cpp in Sources */,
				3A499904889C490DCF533C6E /* BloomPass.cpp in Sources */,
				DFB75F1EBE744A456AC999F4 /* ContrastPass.cpp in Sources */,
				778DCA6792476E5B9F57F175 /* ConvolutionPass.cpp in Sources */,
				B58A80B21A55E254F48E6E13 /* DofAltPass.cpp in Sources */,
				114C00B13F753E59BB0984BB /* DofPass.cpp in Sources */,
				AE65C02FEC934514466A8D67 /* EdgePass.cpp in Sources */,
				33DB731E964056D7E35604A7 /* FakeSSSPass.cpp in Sources */,
				04C13EEA813A786CC1D8137A /* FxaaPass.cpp in Sources */,
				6A505EAE8088949A9180FFE7 /* GodRaysPass.cpp in Sources */,
				28AFD6FA9B9C885AFD9FF1C7 /* HorizontalTiltShifPass.cpp in Sources */,
				884CB4D049E35C51E949A565 /* KaleidoscopePass.cpp in Sources */,
				7AB51F1099DC01486D18FAF6 /* LimbDarkeningPass.cpp in Sources */,
				B1747F12881D899DCA2647FC /* LUTPass.cpp in Sources */,
				8072A86E35F7000F7CDEEF42 /* NoiseWarpPass.cpp in Sources */,
				B951AAE35209993B4E399E77 /* PixelatePass.cpp in Sources */,
				BE5ED1FDB18D5092CF3AACA0 /* PostProcessing.cpp in Sources */,
				1E615236D6D182DED6C8A8B2 /* RenderPass.cpp in Sources */,
				E4797F1786BE22985F7EE55F /* RGBShiftPass.cpp in Sources */,
				4A2B684DF41F7779B2947319 /* RimHighlightingPass.cpp in Sources */,
				4355FD81C3F9DDE40B10CE94 /* SSAOPass.cpp in Sources */,
				813E52BD790CE4AAF527DCD4 /* ToonPass.cpp in Sources */,
				898CB0955CB42FEB5D750A5C /* VerticalTiltShifPass.cpp in Sources */,
				D752EB8BA905C25F5E7F2B30 /* ZoomBlurPass.cpp in Sources */,
				3C6F3DCB19CFBEDF002AA367 /* jsoncpp.cpp in Sources */,
				3C6F3DCC19CFBEDF002AA367 /* ofxJSONElement.cpp in Sources */,
				3C6F3DE319CFD390002AA367 /* sectionFactory.cpp in Sources */,
				3C6F3DE619CFDD36002AA367 /* sectionImpl.cpp in Sources */,
				3C6F3DE919CFDD83002AA367 /* sectionCreator.cpp in Sources */,
				3C6F3DEC19D0B2CC002AA367 /* customSection.cpp in Sources */,
				3C6F3DEF19D0B9BB002AA367 /* mediaSection.cpp in Sources */,
				3C297F3F19E0CBB9000633ED /* mediaSection.cpp in Sources */,
				3C297F4019E0CBB9000633ED /* placeholderSection.cpp in Sources */,
			);
			runOnlyForDeploymentPostprocessing = 0;
		};
/* End PBXSourcesBuildPhase section */

/* Begin PBXTargetDependency section */
		E4EEB9AC138B136A00A80321 /* PBXTargetDependency */ = {
			isa = PBXTargetDependency;
			name = openFrameworks;
			targetProxy = E4EEB9AB138B136A00A80321 /* PBXContainerItemProxy */;
		};
/* End PBXTargetDependency section */

/* Begin XCBuildConfiguration section */
		E4B69B4E0A3A1720003C02F2 /* Debug */ = {
			isa = XCBuildConfiguration;
			baseConfigurationReference = E4EB6923138AFD0F00A09F29 /* Project.xcconfig */;
			buildSettings = {
				ARCHS = "$(NATIVE_ARCH)";
				CONFIGURATION_BUILD_DIR = "$(SRCROOT)/bin/";
				COPY_PHASE_STRIP = NO;
				DEAD_CODE_STRIPPING = YES;
				GCC_AUTO_VECTORIZATION = YES;
				GCC_ENABLE_SSE3_EXTENSIONS = YES;
				GCC_ENABLE_SUPPLEMENTAL_SSE3_INSTRUCTIONS = YES;
				GCC_INLINES_ARE_PRIVATE_EXTERN = NO;
				GCC_OPTIMIZATION_LEVEL = 0;
				GCC_SYMBOLS_PRIVATE_EXTERN = NO;
				GCC_WARN_ABOUT_DEPRECATED_FUNCTIONS = YES;
				GCC_WARN_ABOUT_INVALID_OFFSETOF_MACRO = NO;
				GCC_WARN_ALLOW_INCOMPLETE_PROTOCOL = NO;
				GCC_WARN_UNINITIALIZED_AUTOS = NO;
				GCC_WARN_UNUSED_VALUE = NO;
				GCC_WARN_UNUSED_VARIABLE = NO;
				HEADER_SEARCH_PATHS = (
					"$(OF_CORE_HEADERS)",
					../../../addons/ofxAction/libs,
					../../../addons/ofxAction/src,
					../../../addons/ofxAnimatable/libs,
					../../../addons/ofxAnimatable/src,
					../../../addons/ofxLayout/libs,
					../../../addons/ofxLayout/src,
					../../../addons/ofxLayout/src/layout,
					../../../addons/ofxObservableProperty/libs,
					../../../addons/ofxObservableProperty/src,
					../../../addons/ofxPostProcessing/libs,
					../../../addons/ofxPostProcessing/src,
				);
				MACOSX_DEPLOYMENT_TARGET = 10.6;
				OTHER_CPLUSPLUSFLAGS = (
					"-D__MACOSX_CORE__",
					"-lpthread",
					"-mtune=native",
				);
				SDKROOT = macosx;
			};
			name = Debug;
		};
		E4B69B4F0A3A1720003C02F2 /* Release */ = {
			isa = XCBuildConfiguration;
			baseConfigurationReference = E4EB6923138AFD0F00A09F29 /* Project.xcconfig */;
			buildSettings = {
				ARCHS = "$(NATIVE_ARCH)";
				CONFIGURATION_BUILD_DIR = "$(SRCROOT)/bin/";
				COPY_PHASE_STRIP = YES;
				DEAD_CODE_STRIPPING = YES;
				GCC_AUTO_VECTORIZATION = YES;
				GCC_ENABLE_SSE3_EXTENSIONS = YES;
				GCC_ENABLE_SUPPLEMENTAL_SSE3_INSTRUCTIONS = YES;
				GCC_INLINES_ARE_PRIVATE_EXTERN = NO;
				GCC_OPTIMIZATION_LEVEL = 3;
				GCC_SYMBOLS_PRIVATE_EXTERN = NO;
				GCC_UNROLL_LOOPS = YES;
				GCC_WARN_ABOUT_DEPRECATED_FUNCTIONS = YES;
				GCC_WARN_ABOUT_INVALID_OFFSETOF_MACRO = NO;
				GCC_WARN_ALLOW_INCOMPLETE_PROTOCOL = NO;
				GCC_WARN_UNINITIALIZED_AUTOS = NO;
				GCC_WARN_UNUSED_VALUE = NO;
				GCC_WARN_UNUSED_VARIABLE = NO;
				HEADER_SEARCH_PATHS = (
					"$(OF_CORE_HEADERS)",
					../../../addons/ofxAction/libs,
					../../../addons/ofxAction/src,
					../../../addons/ofxAnimatable/libs,
					../../../addons/ofxAnimatable/src,
					../../../addons/ofxLayout/libs,
					../../../addons/ofxLayout/src,
					../../../addons/ofxLayout/src/layout,
					../../../addons/ofxObservableProperty/libs,
					../../../addons/ofxObservableProperty/src,
					../../../addons/ofxPostProcessing/libs,
					../../../addons/ofxPostProcessing/src,
				);
				MACOSX_DEPLOYMENT_TARGET = 10.6;
				OTHER_CPLUSPLUSFLAGS = (
					"-D__MACOSX_CORE__",
					"-lpthread",
					"-mtune=native",
				);
				SDKROOT = macosx;
			};
			name = Release;
		};
		E4B69B600A3A1757003C02F2 /* Debug */ = {
			isa = XCBuildConfiguration;
			buildSettings = {
				COMBINE_HIDPI_IMAGES = YES;
				COPY_PHASE_STRIP = NO;
				FRAMEWORK_SEARCH_PATHS = (
					"$(inherited)",
					"$(FRAMEWORK_SEARCH_PATHS_QUOTED_FOR_TARGET_1)",
				);
				FRAMEWORK_SEARCH_PATHS_QUOTED_FOR_TARGET_1 = "\"$(SRCROOT)/../../../libs/glut/lib/osx\"";
				GCC_DYNAMIC_NO_PIC = NO;
				GCC_GENERATE_DEBUGGING_SYMBOLS = YES;
				GCC_MODEL_TUNING = NONE;
				GCC_VERSION = "";
				HEADER_SEARCH_PATHS = (
					"$(OF_CORE_HEADERS)",
					../../../addons/ofxAction/libs,
					../../../addons/ofxAction/src,
					../../../addons/ofxAnimatable/libs,
					../../../addons/ofxAnimatable/src,
					../../../addons/ofxLayout/libs,
					../../../addons/ofxLayout/src,
					../../../addons/ofxLayout/src/layout,
					../../../addons/ofxObservableProperty/libs,
					../../../addons/ofxObservableProperty/src,
					../../../addons/ofxPostProcessing/libs,
					../../../addons/ofxPostProcessing/src,
					../../../addons/ofxJSON/libs/jsoncpp/include,
					../../../addons/ofxJSON/src,
				);
				ICON = "$(ICON_NAME_DEBUG)";
				ICON_FILE = "$(ICON_FILE_PATH)$(ICON)";
				INFOPLIST_FILE = "openFrameworks-Info.plist";
				INSTALL_PATH = "$(HOME)/Applications";
				LIBRARY_SEARCH_PATHS = (
					"$(inherited)",
					"$(LIBRARY_SEARCH_PATHS_QUOTED_FOR_TARGET_1)",
					"$(LIBRARY_SEARCH_PATHS_QUOTED_FOR_TARGET_2)",
					"$(LIBRARY_SEARCH_PATHS_QUOTED_FOR_TARGET_3)",
					"$(LIBRARY_SEARCH_PATHS_QUOTED_FOR_TARGET_4)",
					"$(LIBRARY_SEARCH_PATHS_QUOTED_FOR_TARGET_5)",
					"$(LIBRARY_SEARCH_PATHS_QUOTED_FOR_TARGET_6)",
					"$(LIBRARY_SEARCH_PATHS_QUOTED_FOR_TARGET_7)",
					"$(LIBRARY_SEARCH_PATHS_QUOTED_FOR_TARGET_8)",
					"$(LIBRARY_SEARCH_PATHS_QUOTED_FOR_TARGET_9)",
					"$(LIBRARY_SEARCH_PATHS_QUOTED_FOR_TARGET_10)",
					"$(LIBRARY_SEARCH_PATHS_QUOTED_FOR_TARGET_11)",
					"$(LIBRARY_SEARCH_PATHS_QUOTED_FOR_TARGET_12)",
					"$(LIBRARY_SEARCH_PATHS_QUOTED_FOR_TARGET_13)",
					"$(LIBRARY_SEARCH_PATHS_QUOTED_FOR_TARGET_14)",
					"$(LIBRARY_SEARCH_PATHS_QUOTED_FOR_TARGET_15)",
					"$(LIBRARY_SEARCH_PATHS_QUOTED_FOR_TARGET_2)",
					"$(LIBRARY_SEARCH_PATHS_QUOTED_FOR_TARGET_3)",
					"$(LIBRARY_SEARCH_PATHS_QUOTED_FOR_TARGET_7)",
					"$(LIBRARY_SEARCH_PATHS_QUOTED_FOR_TARGET_8)",
					"$(LIBRARY_SEARCH_PATHS_QUOTED_FOR_TARGET_9)",
					"$(LIBRARY_SEARCH_PATHS_QUOTED_FOR_TARGET_10)",
					"$(LIBRARY_SEARCH_PATHS_QUOTED_FOR_TARGET_11)",
					"$(LIBRARY_SEARCH_PATHS_QUOTED_FOR_TARGET_12)",
					"$(LIBRARY_SEARCH_PATHS_QUOTED_FOR_TARGET_13)",
					"$(LIBRARY_SEARCH_PATHS_QUOTED_FOR_TARGET_16)",
					"$(LIBRARY_SEARCH_PATHS_QUOTED_FOR_TARGET_17)",
					"$(LIBRARY_SEARCH_PATHS_QUOTED_FOR_TARGET_18)",
					"$(LIBRARY_SEARCH_PATHS_QUOTED_FOR_TARGET_19)",
					"$(LIBRARY_SEARCH_PATHS_QUOTED_FOR_TARGET_20)",
					"$(LIBRARY_SEARCH_PATHS_QUOTED_FOR_TARGET_21)",
					"$(LIBRARY_SEARCH_PATHS_QUOTED_FOR_TARGET_22)",
					"$(LIBRARY_SEARCH_PATHS_QUOTED_FOR_TARGET_23)",
					"$(LIBRARY_SEARCH_PATHS_QUOTED_FOR_TARGET_24)",
					"$(LIBRARY_SEARCH_PATHS_QUOTED_FOR_TARGET_25)",
					"$(LIBRARY_SEARCH_PATHS_QUOTED_FOR_TARGET_26)",
					"$(LIBRARY_SEARCH_PATHS_QUOTED_FOR_TARGET_27)",
					"$(LIBRARY_SEARCH_PATHS_QUOTED_FOR_TARGET_28)",
					"$(LIBRARY_SEARCH_PATHS_QUOTED_FOR_TARGET_29)",
					"$(LIBRARY_SEARCH_PATHS_QUOTED_FOR_TARGET_30)",
					"$(LIBRARY_SEARCH_PATHS_QUOTED_FOR_TARGET_31)",
					"$(LIBRARY_SEARCH_PATHS_QUOTED_FOR_TARGET_32)",
					"$(LIBRARY_SEARCH_PATHS_QUOTED_FOR_TARGET_33)",
					"$(LIBRARY_SEARCH_PATHS_QUOTED_FOR_TARGET_34)",
					"$(LIBRARY_SEARCH_PATHS_QUOTED_FOR_TARGET_35)",
					"$(LIBRARY_SEARCH_PATHS_QUOTED_FOR_TARGET_36)",
					"$(LIBRARY_SEARCH_PATHS_QUOTED_FOR_TARGET_37)",
					"$(LIBRARY_SEARCH_PATHS_QUOTED_FOR_TARGET_38)",
					"$(LIBRARY_SEARCH_PATHS_QUOTED_FOR_TARGET_39)",
					"$(LIBRARY_SEARCH_PATHS_QUOTED_FOR_TARGET_40)",
					"$(LIBRARY_SEARCH_PATHS_QUOTED_FOR_TARGET_41)",
					"$(LIBRARY_SEARCH_PATHS_QUOTED_FOR_TARGET_42)",
					"$(LIBRARY_SEARCH_PATHS_QUOTED_FOR_TARGET_43)",
					"$(LIBRARY_SEARCH_PATHS_QUOTED_FOR_TARGET_44)",
					"$(LIBRARY_SEARCH_PATHS_QUOTED_FOR_TARGET_45)",
					"$(LIBRARY_SEARCH_PATHS_QUOTED_FOR_TARGET_46)",
					"$(LIBRARY_SEARCH_PATHS_QUOTED_FOR_TARGET_47)",
					"$(LIBRARY_SEARCH_PATHS_QUOTED_FOR_TARGET_48)",
					"$(LIBRARY_SEARCH_PATHS_QUOTED_FOR_TARGET_49)",
					"$(LIBRARY_SEARCH_PATHS_QUOTED_FOR_TARGET_50)",
					"$(LIBRARY_SEARCH_PATHS_QUOTED_FOR_TARGET_51)",
					"$(LIBRARY_SEARCH_PATHS_QUOTED_FOR_TARGET_52)",
				);
				PRODUCT_NAME = "$(TARGET_NAME)Debug";
				WRAPPER_EXTENSION = app;
			};
			name = Debug;
		};
		E4B69B610A3A1757003C02F2 /* Release */ = {
			isa = XCBuildConfiguration;
			buildSettings = {
				COMBINE_HIDPI_IMAGES = YES;
				COPY_PHASE_STRIP = YES;
				FRAMEWORK_SEARCH_PATHS = (
					"$(inherited)",
					"$(FRAMEWORK_SEARCH_PATHS_QUOTED_FOR_TARGET_1)",
				);
				FRAMEWORK_SEARCH_PATHS_QUOTED_FOR_TARGET_1 = "\"$(SRCROOT)/../../../libs/glut/lib/osx\"";
				GCC_GENERATE_DEBUGGING_SYMBOLS = YES;
				GCC_MODEL_TUNING = NONE;
				GCC_VERSION = "";
				HEADER_SEARCH_PATHS = (
					"$(OF_CORE_HEADERS)",
					../../../addons/ofxAction/libs,
					../../../addons/ofxAction/src,
					../../../addons/ofxAnimatable/libs,
					../../../addons/ofxAnimatable/src,
					../../../addons/ofxLayout/libs,
					../../../addons/ofxLayout/src,
					../../../addons/ofxLayout/src/layout,
					../../../addons/ofxObservableProperty/libs,
					../../../addons/ofxObservableProperty/src,
					../../../addons/ofxPostProcessing/libs,
					../../../addons/ofxPostProcessing/src,
					../../../addons/ofxJSON/libs/jsoncpp/include,
					../../../addons/ofxJSON/src,
				);
				ICON = "$(ICON_NAME_RELEASE)";
				ICON_FILE = "$(ICON_FILE_PATH)$(ICON)";
				INFOPLIST_FILE = "openFrameworks-Info.plist";
				INSTALL_PATH = "$(HOME)/Applications";
				LIBRARY_SEARCH_PATHS = (
					"$(inherited)",
					"$(LIBRARY_SEARCH_PATHS_QUOTED_FOR_TARGET_1)",
					"$(LIBRARY_SEARCH_PATHS_QUOTED_FOR_TARGET_2)",
					"$(LIBRARY_SEARCH_PATHS_QUOTED_FOR_TARGET_3)",
					"$(LIBRARY_SEARCH_PATHS_QUOTED_FOR_TARGET_4)",
					"$(LIBRARY_SEARCH_PATHS_QUOTED_FOR_TARGET_5)",
					"$(LIBRARY_SEARCH_PATHS_QUOTED_FOR_TARGET_6)",
					"$(LIBRARY_SEARCH_PATHS_QUOTED_FOR_TARGET_7)",
					"$(LIBRARY_SEARCH_PATHS_QUOTED_FOR_TARGET_8)",
					"$(LIBRARY_SEARCH_PATHS_QUOTED_FOR_TARGET_9)",
					"$(LIBRARY_SEARCH_PATHS_QUOTED_FOR_TARGET_10)",
					"$(LIBRARY_SEARCH_PATHS_QUOTED_FOR_TARGET_11)",
					"$(LIBRARY_SEARCH_PATHS_QUOTED_FOR_TARGET_12)",
					"$(LIBRARY_SEARCH_PATHS_QUOTED_FOR_TARGET_13)",
					"$(LIBRARY_SEARCH_PATHS_QUOTED_FOR_TARGET_14)",
					"$(LIBRARY_SEARCH_PATHS_QUOTED_FOR_TARGET_15)",
					"$(LIBRARY_SEARCH_PATHS_QUOTED_FOR_TARGET_2)",
					"$(LIBRARY_SEARCH_PATHS_QUOTED_1)",
					"$(LIBRARY_SEARCH_PATHS_QUOTED_FOR_TARGET_3)",
					"$(LIBRARY_SEARCH_PATHS_QUOTED_FOR_TARGET_7)",
					"$(LIBRARY_SEARCH_PATHS_QUOTED_FOR_TARGET_8)",
					"$(LIBRARY_SEARCH_PATHS_QUOTED_FOR_TARGET_9)",
					"$(LIBRARY_SEARCH_PATHS_QUOTED_FOR_TARGET_10)",
					"$(LIBRARY_SEARCH_PATHS_QUOTED_FOR_TARGET_11)",
					"$(LIBRARY_SEARCH_PATHS_QUOTED_FOR_TARGET_12)",
					"$(LIBRARY_SEARCH_PATHS_QUOTED_FOR_TARGET_13)",
					"$(LIBRARY_SEARCH_PATHS_QUOTED_FOR_TARGET_16)",
					"$(LIBRARY_SEARCH_PATHS_QUOTED_FOR_TARGET_17)",
					"$(LIBRARY_SEARCH_PATHS_QUOTED_FOR_TARGET_18)",
					"$(LIBRARY_SEARCH_PATHS_QUOTED_FOR_TARGET_19)",
					"$(LIBRARY_SEARCH_PATHS_QUOTED_FOR_TARGET_20)",
					"$(LIBRARY_SEARCH_PATHS_QUOTED_FOR_TARGET_21)",
					"$(LIBRARY_SEARCH_PATHS_QUOTED_FOR_TARGET_22)",
					"$(LIBRARY_SEARCH_PATHS_QUOTED_FOR_TARGET_23)",
					"$(LIBRARY_SEARCH_PATHS_QUOTED_FOR_TARGET_24)",
					"$(LIBRARY_SEARCH_PATHS_QUOTED_FOR_TARGET_25)",
					"$(LIBRARY_SEARCH_PATHS_QUOTED_FOR_TARGET_26)",
					"$(LIBRARY_SEARCH_PATHS_QUOTED_FOR_TARGET_27)",
					"$(LIBRARY_SEARCH_PATHS_QUOTED_FOR_TARGET_28)",
					"$(LIBRARY_SEARCH_PATHS_QUOTED_FOR_TARGET_29)",
					"$(LIBRARY_SEARCH_PATHS_QUOTED_FOR_TARGET_30)",
					"$(LIBRARY_SEARCH_PATHS_QUOTED_FOR_TARGET_31)",
					"$(LIBRARY_SEARCH_PATHS_QUOTED_FOR_TARGET_32)",
					"$(LIBRARY_SEARCH_PATHS_QUOTED_FOR_TARGET_33)",
					"$(LIBRARY_SEARCH_PATHS_QUOTED_FOR_TARGET_34)",
					"$(LIBRARY_SEARCH_PATHS_QUOTED_FOR_TARGET_35)",
					"$(LIBRARY_SEARCH_PATHS_QUOTED_FOR_TARGET_36)",
					"$(LIBRARY_SEARCH_PATHS_QUOTED_FOR_TARGET_37)",
					"$(LIBRARY_SEARCH_PATHS_QUOTED_FOR_TARGET_38)",
					"$(LIBRARY_SEARCH_PATHS_QUOTED_FOR_TARGET_39)",
					"$(LIBRARY_SEARCH_PATHS_QUOTED_FOR_TARGET_40)",
					"$(LIBRARY_SEARCH_PATHS_QUOTED_FOR_TARGET_41)",
					"$(LIBRARY_SEARCH_PATHS_QUOTED_FOR_TARGET_42)",
					"$(LIBRARY_SEARCH_PATHS_QUOTED_FOR_TARGET_43)",
					"$(LIBRARY_SEARCH_PATHS_QUOTED_FOR_TARGET_44)",
					"$(LIBRARY_SEARCH_PATHS_QUOTED_FOR_TARGET_45)",
					"$(LIBRARY_SEARCH_PATHS_QUOTED_FOR_TARGET_46)",
					"$(LIBRARY_SEARCH_PATHS_QUOTED_FOR_TARGET_47)",
					"$(LIBRARY_SEARCH_PATHS_QUOTED_FOR_TARGET_48)",
					"$(LIBRARY_SEARCH_PATHS_QUOTED_FOR_TARGET_49)",
					"$(LIBRARY_SEARCH_PATHS_QUOTED_FOR_TARGET_50)",
					"$(LIBRARY_SEARCH_PATHS_QUOTED_FOR_TARGET_51)",
				);
				PRODUCT_NAME = "$(TARGET_NAME)";
				WRAPPER_EXTENSION = app;
			};
			name = Release;
		};
/* End XCBuildConfiguration section */

/* Begin XCConfigurationList section */
		E4B69B4D0A3A1720003C02F2 /* Build configuration list for PBXProject "example_config" */ = {
			isa = XCConfigurationList;
			buildConfigurations = (
				E4B69B4E0A3A1720003C02F2 /* Debug */,
				E4B69B4F0A3A1720003C02F2 /* Release */,
			);
			defaultConfigurationIsVisible = 0;
			defaultConfigurationName = Release;
		};
		E4B69B5F0A3A1757003C02F2 /* Build configuration list for PBXNativeTarget "example_config" */ = {
			isa = XCConfigurationList;
			buildConfigurations = (
				E4B69B600A3A1757003C02F2 /* Debug */,
				E4B69B610A3A1757003C02F2 /* Release */,
			);
			defaultConfigurationIsVisible = 0;
			defaultConfigurationName = Release;
		};
/* End XCConfigurationList section */
	};
	rootObject = E4B69B4C0A3A1720003C02F2 /* Project object */;
}
